// !$*UTF8*$!
{
	archiveVersion = 1;
	classes = {
	};
	objectVersion = 54;
	objects = {

/* Begin PBXBuildFile section */
		00E356F31AD99517003FC87E /* SollividuTests.m in Sources */ = {isa = PBXBuildFile; fileRef = 00E356F21AD99517003FC87E /* SollividuTests.m */; };
		01B140ED3CF4464B973DC1AF /* NotoSansTamil_Condensed-Bold.ttf in Resources */ = {isa = PBXBuildFile; fileRef = ED3E8AF6E85F4F8AA6B06326 /* NotoSansTamil_Condensed-Bold.ttf */; };
		03F1687CA2574075875A17B8 /* NotoSansTamil_SemiCondensed-ExtraBold.ttf in Resources */ = {isa = PBXBuildFile; fileRef = 69ADEE7AFB3B4929B78129C0 /* NotoSansTamil_SemiCondensed-ExtraBold.ttf */; };
		0C80B921A6F3F58F76C31292 /* libPods-Sollividu.a in Frameworks */ = {isa = PBXBuildFile; fileRef = 5DCACB8F33CDC322A6C60F78 /* libPods-Sollividu.a */; };
		10FA5493B7534E19B70A437A /* AppIcon_512x512.png in Resources */ = {isa = PBXBuildFile; fileRef = 93D928963C4D4DD286FBD381 /* AppIcon_512x512.png */; };
		13B07FBC1A68108700A75B9A /* AppDelegate.mm in Sources */ = {isa = PBXBuildFile; fileRef = 13B07FB01A68108700A75B9A /* AppDelegate.mm */; };
		13B07FBF1A68108700A75B9A /* Images.xcassets in Resources */ = {isa = PBXBuildFile; fileRef = 13B07FB51A68108700A75B9A /* Images.xcassets */; };
		13B07FC11A68108700A75B9A /* main.m in Sources */ = {isa = PBXBuildFile; fileRef = 13B07FB71A68108700A75B9A /* main.m */; };
		1A1A2FC6413F432A8A2BCCA1 /* NotoSansTamil_ExtraCondensed-Regular.ttf in Resources */ = {isa = PBXBuildFile; fileRef = 7853393DB38243639614E75E /* NotoSansTamil_ExtraCondensed-Regular.ttf */; };
		1A9462CC2F90449B8DB786CA /* NotoSansTamil_ExtraCondensed-Thin.ttf in Resources */ = {isa = PBXBuildFile; fileRef = 90E62C982C56489AAF224F9D /* NotoSansTamil_ExtraCondensed-Thin.ttf */; };
		1C14810E90F24292AC65457F /* tamillexicon_unique_words_of_length_5.txt in Resources */ = {isa = PBXBuildFile; fileRef = 8E3C833398DB43EA8BCC5D4E /* tamillexicon_unique_words_of_length_5.txt */; };
		1D8FD02472D341FC89FFBEE2 /* AppIconBackground.png in Resources */ = {isa = PBXBuildFile; fileRef = 1DA0D4135C1C4A2F92E08AD0 /* AppIconBackground.png */; };
		1F6D8AC5F8614251A7C12100 /* Arima-Light.ttf in Resources */ = {isa = PBXBuildFile; fileRef = 7FF6D07D7D274441825BB7A3 /* Arima-Light.ttf */; };
		203B62D2BBFB4D76A769668E /* tamillexicon_unique_words_of_length_6.txt in Resources */ = {isa = PBXBuildFile; fileRef = 95598F1CFBE14CA6BAA4695D /* tamillexicon_unique_words_of_length_6.txt */; };
		2067216995A54F6BB0565E1A /* NotoSansTamil_ExtraCondensed-Medium.ttf in Resources */ = {isa = PBXBuildFile; fileRef = 74445C8E4CEE47CB82AE10D6 /* NotoSansTamil_ExtraCondensed-Medium.ttf */; };
		25CDF46DB51C4FB1AC3FFADF /* NotoSansTamil_Condensed-SemiBold.ttf in Resources */ = {isa = PBXBuildFile; fileRef = 4B84FDBEE53E4BA8ACC738F5 /* NotoSansTamil_Condensed-SemiBold.ttf */; };
		2BA726D598734338840AB198 /* Feather.ttf in Resources */ = {isa = PBXBuildFile; fileRef = 7C147466BE384911B5891E6D /* Feather.ttf */; };
		303847FACBDE4EF7B2826E68 /* NotoSansTamil_Condensed-ExtraLight.ttf in Resources */ = {isa = PBXBuildFile; fileRef = F77F02ADA34A4995974CC4C0 /* NotoSansTamil_Condensed-ExtraLight.ttf */; };
		369D842AF6E6430781B04780 /* tamillexicon_unique_words_of_length_4.txt in Resources */ = {isa = PBXBuildFile; fileRef = 1CE93F67B0DC464F9B4CDC96 /* tamillexicon_unique_words_of_length_4.txt */; };
		38B668FAD9EC49C9A9661F9A /* AppIconForeground.png in Resources */ = {isa = PBXBuildFile; fileRef = 11CFF1D8721F4D9D9751B49F /* AppIconForeground.png */; };
		3C49C201DD9748D891DAF6D4 /* NotoSansTamil-Bold.ttf in Resources */ = {isa = PBXBuildFile; fileRef = 8DA62784BCE048678ADD20C9 /* NotoSansTamil-Bold.ttf */; };
		3E585F38681D475FAAC574AC /* tamillexicon_unique_words_of_length_3.txt in Resources */ = {isa = PBXBuildFile; fileRef = CEB34BE889814531A3ED7037 /* tamillexicon_unique_words_of_length_3.txt */; };
		3F31F4B19B3C498A8F812FFB /* NotoSansTamil_SemiCondensed-Black.ttf in Resources */ = {isa = PBXBuildFile; fileRef = BD18922948224BC1A6E6A897 /* NotoSansTamil_SemiCondensed-Black.ttf */; };
		4452679839354292ADCE61D5 /* Arima-SemiBold.ttf in Resources */ = {isa = PBXBuildFile; fileRef = 35DA1BB3F2B545E7AAA14DCA /* Arima-SemiBold.ttf */; };
		44940DCD273E449AAD33ECE6 /* NotoSansTamil-ExtraBold.ttf in Resources */ = {isa = PBXBuildFile; fileRef = 1390AB880202431199C69A27 /* NotoSansTamil-ExtraBold.ttf */; };
		59CCC5454B774807928394DB /* Ionicons.ttf in Resources */ = {isa = PBXBuildFile; fileRef = 22D9A2EC31B94625A02BEAD1 /* Ionicons.ttf */; };
		5F200C66D03543889C15820E /* NotoSansTamil-Medium.ttf in Resources */ = {isa = PBXBuildFile; fileRef = A245DC15CD6E403488708906 /* NotoSansTamil-Medium.ttf */; };
		63345195139A41898F100289 /* NotoSansTamil_ExtraCondensed-ExtraBold.ttf in Resources */ = {isa = PBXBuildFile; fileRef = 0124926EEB7D4F5DA54C2E09 /* NotoSansTamil_ExtraCondensed-ExtraBold.ttf */; };
		66727CC4190F4B82A7B0121D /* AppIcon.png in Resources */ = {isa = PBXBuildFile; fileRef = 9A5F835F1EC64615961E2D26 /* AppIcon.png */; };
		69D33D65C59540B3BF7167FE /* NotoSansTamil_ExtraCondensed-SemiBold.ttf in Resources */ = {isa = PBXBuildFile; fileRef = 5AB5AD5C41454A958150CD21 /* NotoSansTamil_ExtraCondensed-SemiBold.ttf */; };
		6D7E22C910CE44CD92364DBA /* Arima-VariableFont_wght.ttf in Resources */ = {isa = PBXBuildFile; fileRef = F40CAA5EA5CA4F17AC4A45A3 /* Arima-VariableFont_wght.ttf */; };
		714FEF9131DD4C6CBF93B99D /* NotoSansTamil-Black.ttf in Resources */ = {isa = PBXBuildFile; fileRef = 3CF4FDEBF0F74CE78AC8195D /* NotoSansTamil-Black.ttf */; };
		73CA71D243854123A4CD891B /* NotoSansTamil_Condensed-Light.ttf in Resources */ = {isa = PBXBuildFile; fileRef = 5568B58A17474E009D8CF166 /* NotoSansTamil_Condensed-Light.ttf */; };
		74BAA89B66AF403E871EE9B6 /* NotoSansTamil_ExtraCondensed-ExtraLight.ttf in Resources */ = {isa = PBXBuildFile; fileRef = 14130EC017A54765AEF343CD /* NotoSansTamil_ExtraCondensed-ExtraLight.ttf */; };
		7699B88040F8A987B510C191 /* libPods-Sollividu-SollividuTests.a in Frameworks */ = {isa = PBXBuildFile; fileRef = 19F6CBCC0A4E27FBF8BF4A61 /* libPods-Sollividu-SollividuTests.a */; };
		803E97A6F15B4AA8A2C491E3 /* NotoSansTamil-ExtraLight.ttf in Resources */ = {isa = PBXBuildFile; fileRef = 7532C6DC9F6547CEA93268CD /* NotoSansTamil-ExtraLight.ttf */; };
		872035BC692D4A2CA5AFA995 /* NotoSansTamil_Condensed-Medium.ttf in Resources */ = {isa = PBXBuildFile; fileRef = F5D075E4AEB8415BB0CD3BD3 /* NotoSansTamil_Condensed-Medium.ttf */; };
		8AD679A425144279A0777CDC /* NotoSansTamil_Condensed-ExtraBold.ttf in Resources */ = {isa = PBXBuildFile; fileRef = 8C2689A4825F42AFA31B7BB1 /* NotoSansTamil_Condensed-ExtraBold.ttf */; };
		8EDAFE5CE0D24A5099A302F9 /* NotoSansTamil_SemiCondensed-Bold.ttf in Resources */ = {isa = PBXBuildFile; fileRef = 68C9BF5C66884240837EAC5C /* NotoSansTamil_SemiCondensed-Bold.ttf */; };
		911A0890F1F244AB9B880B2E /* Arima-ExtraLight.ttf in Resources */ = {isa = PBXBuildFile; fileRef = 2F6DA31005174406A32E8C6F /* Arima-ExtraLight.ttf */; };
		97EAC438C34E46F892FACA26 /* NotoSansTamil_SemiCondensed-Regular.ttf in Resources */ = {isa = PBXBuildFile; fileRef = F1730F8D37C64A00BC3D98FE /* NotoSansTamil_SemiCondensed-Regular.ttf */; };
		9C111EC30C0E429BA51D1BBE /* MaterialCommunityIcons.ttf in Resources */ = {isa = PBXBuildFile; fileRef = F57688B5927249E18B182D4E /* MaterialCommunityIcons.ttf */; };
		9D957A66F6EE46F28B59ADC5 /* NotoSansTamil_SemiCondensed-ExtraLight.ttf in Resources */ = {isa = PBXBuildFile; fileRef = A90899E18F6B4B86958603DE /* NotoSansTamil_SemiCondensed-ExtraLight.ttf */; };
		AE21D7B7F8A34EB9813400A7 /* NotoSansTamil_SemiCondensed-Light.ttf in Resources */ = {isa = PBXBuildFile; fileRef = 4D97D35147314E14A6F8C58F /* NotoSansTamil_SemiCondensed-Light.ttf */; };
		AE88B6C4A6004ED89B3F0275 /* Arima-Medium.ttf in Resources */ = {isa = PBXBuildFile; fileRef = DDAE9088B58B411AA6DE0054 /* Arima-Medium.ttf */; };
		B2B949F8B1774AFAB6C06B79 /* NotoSansTamil_SemiCondensed-SemiBold.ttf in Resources */ = {isa = PBXBuildFile; fileRef = 2FCA3358D3594B1E9FCCCAFB /* NotoSansTamil_SemiCondensed-SemiBold.ttf */; };
		B32BC354B0E54577AE05EF52 /* NotoSansTamil_SemiCondensed-Thin.ttf in Resources */ = {isa = PBXBuildFile; fileRef = 8E60E165926E4768928FF64A /* NotoSansTamil_SemiCondensed-Thin.ttf */; };
		B3D6AFE94A2343ABB126D668 /* Arima-Thin.ttf in Resources */ = {isa = PBXBuildFile; fileRef = 4823D3EFC8A34AB58FEC6116 /* Arima-Thin.ttf */; };
		B658A10722F14E64894C97A9 /* NotoSansTamil_ExtraCondensed-Bold.ttf in Resources */ = {isa = PBXBuildFile; fileRef = 19A2434F931B48D0984D67DD /* NotoSansTamil_ExtraCondensed-Bold.ttf */; };
		B993252EE69549BAB32DE7C4 /* NotoSansTamil_Condensed-Black.ttf in Resources */ = {isa = PBXBuildFile; fileRef = BB90E3C9D15D4CC592D2489C /* NotoSansTamil_Condensed-Black.ttf */; };
		C48E739EDB374BEDAF71125E /* NotoSansTamil-Thin.ttf in Resources */ = {isa = PBXBuildFile; fileRef = 8D4E892398444362AEA9D0CF /* NotoSansTamil-Thin.ttf */; };
		CDF526E870554AD4A6E9EBCD /* AppSplash.png in Resources */ = {isa = PBXBuildFile; fileRef = 0CD3CAA832CA4AB5B2B8BD8E /* AppSplash.png */; };
		CE93933EBC5545E0AE90DFCE /* MaterialIcons.ttf in Resources */ = {isa = PBXBuildFile; fileRef = F74D19D803494407A0145C2B /* MaterialIcons.ttf */; };
		CF13F7532EE04D37812AAFFE /* NotoSansTamil_Condensed-Thin.ttf in Resources */ = {isa = PBXBuildFile; fileRef = 3380BEC7D8D448A6A5C1BE6E /* NotoSansTamil_Condensed-Thin.ttf */; };
		CF7983EA734C4ECA928D2C69 /* Arima-Bold.ttf in Resources */ = {isa = PBXBuildFile; fileRef = DB711C2AF0F44EBF91A812E9 /* Arima-Bold.ttf */; };
		D00BE942292585FB00017A6D /* BootSplash.storyboard in Resources */ = {isa = PBXBuildFile; fileRef = D00BE940292585FB00017A6D /* BootSplash.storyboard */; };
		D5038D7B14A943FB81B20098 /* NotoSansTamil-SemiBold.ttf in Resources */ = {isa = PBXBuildFile; fileRef = C416B678408C4F4B986A3D23 /* NotoSansTamil-SemiBold.ttf */; };
		D99408943A86416DB85EC7D4 /* NotoSansTamil_ExtraCondensed-Black.ttf in Resources */ = {isa = PBXBuildFile; fileRef = C047BFB3EFC14D42BA29E9AD /* NotoSansTamil_ExtraCondensed-Black.ttf */; };
		E21DF628845F4C029C260B2A /* NotoSansTamil_Condensed-Regular.ttf in Resources */ = {isa = PBXBuildFile; fileRef = 23E1E6941E5F46D1953EB615 /* NotoSansTamil_Condensed-Regular.ttf */; };
		E2FDD039837E4FA68EF79BF4 /* NotoSansTamil_ExtraCondensed-Light.ttf in Resources */ = {isa = PBXBuildFile; fileRef = EB34E453F403458AB3D5DCDC /* NotoSansTamil_ExtraCondensed-Light.ttf */; };
		E4C50DACA95E43FE910C0C57 /* NotoSansTamil-Light.ttf in Resources */ = {isa = PBXBuildFile; fileRef = A90E694B90024CAB966C5622 /* NotoSansTamil-Light.ttf */; };
		EE119EC3C32F4EF0B321D199 /* NotoSansTamil-VariableFont_wdth,wght.ttf in Resources */ = {isa = PBXBuildFile; fileRef = B0E78F3EE5A0466B80F7260D /* NotoSansTamil-VariableFont_wdth,wght.ttf */; };
		F5FC5416CFAE4C228F44D2A0 /* NotoSansTamil_SemiCondensed-Medium.ttf in Resources */ = {isa = PBXBuildFile; fileRef = 8F9FFAB794E7450794258841 /* NotoSansTamil_SemiCondensed-Medium.ttf */; };
		F62EB1BE97A042C39DC8F75B /* Arima-Regular.ttf in Resources */ = {isa = PBXBuildFile; fileRef = 91C65F4A015A4A1EAF564E40 /* Arima-Regular.ttf */; };
		FA02F55FD12241C9B043DBED /* NotoSansTamil-Regular.ttf in Resources */ = {isa = PBXBuildFile; fileRef = 927418D0667847408611245A /* NotoSansTamil-Regular.ttf */; };
/* End PBXBuildFile section */

/* Begin PBXContainerItemProxy section */
		00E356F41AD99517003FC87E /* PBXContainerItemProxy */ = {
			isa = PBXContainerItemProxy;
			containerPortal = 83CBB9F71A601CBA00E9B192 /* Project object */;
			proxyType = 1;
			remoteGlobalIDString = 13B07F861A680F5B00A75B9A;
			remoteInfo = Sollividu;
		};
		D00BE93C29255CEA00017A6D /* PBXContainerItemProxy */ = {
			isa = PBXContainerItemProxy;
			containerPortal = D00BE93829255CEA00017A6D /* SplashScreen.xcodeproj */;
			proxyType = 2;
			remoteGlobalIDString = 3D7682761D8E76B80014119E;
			remoteInfo = SplashScreen;
		};
/* End PBXContainerItemProxy section */

/* Begin PBXFileReference section */
		00E356EE1AD99517003FC87E /* SollividuTests.xctest */ = {isa = PBXFileReference; explicitFileType = wrapper.cfbundle; includeInIndex = 0; path = SollividuTests.xctest; sourceTree = BUILT_PRODUCTS_DIR; };
		00E356F11AD99517003FC87E /* Info.plist */ = {isa = PBXFileReference; lastKnownFileType = text.plist.xml; path = Info.plist; sourceTree = "<group>"; };
		00E356F21AD99517003FC87E /* SollividuTests.m */ = {isa = PBXFileReference; lastKnownFileType = sourcecode.c.objc; path = SollividuTests.m; sourceTree = "<group>"; };
		0124926EEB7D4F5DA54C2E09 /* NotoSansTamil_ExtraCondensed-ExtraBold.ttf */ = {isa = PBXFileReference; explicitFileType = undefined; fileEncoding = 9; includeInIndex = 0; lastKnownFileType = unknown; name = "NotoSansTamil_ExtraCondensed-ExtraBold.ttf"; path = "../assets/fonts/Noto_Sans_Tamil/static/NotoSansTamil_ExtraCondensed/NotoSansTamil_ExtraCondensed-ExtraBold.ttf"; sourceTree = "<group>"; };
		0CD3CAA832CA4AB5B2B8BD8E /* AppSplash.png */ = {isa = PBXFileReference; explicitFileType = undefined; fileEncoding = undefined; includeInIndex = 0; lastKnownFileType = unknown; name = AppSplash.png; path = ../assets/images/AppSplash.png; sourceTree = "<group>"; };
		11CFF1D8721F4D9D9751B49F /* AppIconForeground.png */ = {isa = PBXFileReference; explicitFileType = undefined; fileEncoding = 9; includeInIndex = 0; lastKnownFileType = unknown; name = AppIconForeground.png; path = ../assets/images/AppIconForeground.png; sourceTree = "<group>"; };
		1390AB880202431199C69A27 /* NotoSansTamil-ExtraBold.ttf */ = {isa = PBXFileReference; explicitFileType = undefined; fileEncoding = 9; includeInIndex = 0; lastKnownFileType = unknown; name = "NotoSansTamil-ExtraBold.ttf"; path = "../assets/fonts/Noto_Sans_Tamil/static/NotoSansTamil/NotoSansTamil-ExtraBold.ttf"; sourceTree = "<group>"; };
		13B07F961A680F5B00A75B9A /* Sollividu.app */ = {isa = PBXFileReference; explicitFileType = wrapper.application; includeInIndex = 0; path = Sollividu.app; sourceTree = BUILT_PRODUCTS_DIR; };
		13B07FAF1A68108700A75B9A /* AppDelegate.h */ = {isa = PBXFileReference; fileEncoding = 4; lastKnownFileType = sourcecode.c.h; name = AppDelegate.h; path = Sollividu/AppDelegate.h; sourceTree = "<group>"; };
		13B07FB01A68108700A75B9A /* AppDelegate.mm */ = {isa = PBXFileReference; fileEncoding = 4; lastKnownFileType = sourcecode.cpp.objcpp; name = AppDelegate.mm; path = Sollividu/AppDelegate.mm; sourceTree = "<group>"; };
		13B07FB51A68108700A75B9A /* Images.xcassets */ = {isa = PBXFileReference; lastKnownFileType = folder.assetcatalog; name = Images.xcassets; path = Sollividu/Images.xcassets; sourceTree = "<group>"; };
		13B07FB61A68108700A75B9A /* Info.plist */ = {isa = PBXFileReference; fileEncoding = 4; lastKnownFileType = text.plist.xml; name = Info.plist; path = Sollividu/Info.plist; sourceTree = "<group>"; };
		13B07FB71A68108700A75B9A /* main.m */ = {isa = PBXFileReference; fileEncoding = 4; lastKnownFileType = sourcecode.c.objc; name = main.m; path = Sollividu/main.m; sourceTree = "<group>"; };
		14130EC017A54765AEF343CD /* NotoSansTamil_ExtraCondensed-ExtraLight.ttf */ = {isa = PBXFileReference; explicitFileType = undefined; fileEncoding = 9; includeInIndex = 0; lastKnownFileType = unknown; name = "NotoSansTamil_ExtraCondensed-ExtraLight.ttf"; path = "../assets/fonts/Noto_Sans_Tamil/static/NotoSansTamil_ExtraCondensed/NotoSansTamil_ExtraCondensed-ExtraLight.ttf"; sourceTree = "<group>"; };
		19A2434F931B48D0984D67DD /* NotoSansTamil_ExtraCondensed-Bold.ttf */ = {isa = PBXFileReference; explicitFileType = undefined; fileEncoding = 9; includeInIndex = 0; lastKnownFileType = unknown; name = "NotoSansTamil_ExtraCondensed-Bold.ttf"; path = "../assets/fonts/Noto_Sans_Tamil/static/NotoSansTamil_ExtraCondensed/NotoSansTamil_ExtraCondensed-Bold.ttf"; sourceTree = "<group>"; };
		19F6CBCC0A4E27FBF8BF4A61 /* libPods-Sollividu-SollividuTests.a */ = {isa = PBXFileReference; explicitFileType = archive.ar; includeInIndex = 0; path = "libPods-Sollividu-SollividuTests.a"; sourceTree = BUILT_PRODUCTS_DIR; };
		1CE93F67B0DC464F9B4CDC96 /* tamillexicon_unique_words_of_length_4.txt */ = {isa = PBXFileReference; explicitFileType = undefined; fileEncoding = 9; includeInIndex = 0; lastKnownFileType = unknown; name = tamillexicon_unique_words_of_length_4.txt; path = ../assets/wordLists/tamillexicon_unique_words_of_length_4.txt; sourceTree = "<group>"; };
		1DA0D4135C1C4A2F92E08AD0 /* AppIconBackground.png */ = {isa = PBXFileReference; explicitFileType = undefined; fileEncoding = 9; includeInIndex = 0; lastKnownFileType = unknown; name = AppIconBackground.png; path = ../assets/images/AppIconBackground.png; sourceTree = "<group>"; };
		22D9A2EC31B94625A02BEAD1 /* Ionicons.ttf */ = {isa = PBXFileReference; explicitFileType = undefined; fileEncoding = 9; includeInIndex = 0; lastKnownFileType = unknown; name = Ionicons.ttf; path = ../assets/fonts/Ionicons.ttf; sourceTree = "<group>"; };
		23E1E6941E5F46D1953EB615 /* NotoSansTamil_Condensed-Regular.ttf */ = {isa = PBXFileReference; explicitFileType = undefined; fileEncoding = 9; includeInIndex = 0; lastKnownFileType = unknown; name = "NotoSansTamil_Condensed-Regular.ttf"; path = "../assets/fonts/Noto_Sans_Tamil/static/NotoSansTamil_Condensed/NotoSansTamil_Condensed-Regular.ttf"; sourceTree = "<group>"; };
		2F6DA31005174406A32E8C6F /* Arima-ExtraLight.ttf */ = {isa = PBXFileReference; explicitFileType = undefined; fileEncoding = 9; includeInIndex = 0; lastKnownFileType = unknown; name = "Arima-ExtraLight.ttf"; path = "../assets/fonts/Arima/static/Arima-ExtraLight.ttf"; sourceTree = "<group>"; };
		2FCA3358D3594B1E9FCCCAFB /* NotoSansTamil_SemiCondensed-SemiBold.ttf */ = {isa = PBXFileReference; explicitFileType = undefined; fileEncoding = 9; includeInIndex = 0; lastKnownFileType = unknown; name = "NotoSansTamil_SemiCondensed-SemiBold.ttf"; path = "../assets/fonts/Noto_Sans_Tamil/static/NotoSansTamil_SemiCondensed/NotoSansTamil_SemiCondensed-SemiBold.ttf"; sourceTree = "<group>"; };
		3380BEC7D8D448A6A5C1BE6E /* NotoSansTamil_Condensed-Thin.ttf */ = {isa = PBXFileReference; explicitFileType = undefined; fileEncoding = 9; includeInIndex = 0; lastKnownFileType = unknown; name = "NotoSansTamil_Condensed-Thin.ttf"; path = "../assets/fonts/Noto_Sans_Tamil/static/NotoSansTamil_Condensed/NotoSansTamil_Condensed-Thin.ttf"; sourceTree = "<group>"; };
		35DA1BB3F2B545E7AAA14DCA /* Arima-SemiBold.ttf */ = {isa = PBXFileReference; explicitFileType = undefined; fileEncoding = 9; includeInIndex = 0; lastKnownFileType = unknown; name = "Arima-SemiBold.ttf"; path = "../assets/fonts/Arima/static/Arima-SemiBold.ttf"; sourceTree = "<group>"; };
		3B4392A12AC88292D35C810B /* Pods-Sollividu.debug.xcconfig */ = {isa = PBXFileReference; includeInIndex = 1; lastKnownFileType = text.xcconfig; name = "Pods-Sollividu.debug.xcconfig"; path = "Target Support Files/Pods-Sollividu/Pods-Sollividu.debug.xcconfig"; sourceTree = "<group>"; };
		3CF4FDEBF0F74CE78AC8195D /* NotoSansTamil-Black.ttf */ = {isa = PBXFileReference; explicitFileType = undefined; fileEncoding = 9; includeInIndex = 0; lastKnownFileType = unknown; name = "NotoSansTamil-Black.ttf"; path = "../assets/fonts/Noto_Sans_Tamil/static/NotoSansTamil/NotoSansTamil-Black.ttf"; sourceTree = "<group>"; };
		4823D3EFC8A34AB58FEC6116 /* Arima-Thin.ttf */ = {isa = PBXFileReference; explicitFileType = undefined; fileEncoding = 9; includeInIndex = 0; lastKnownFileType = unknown; name = "Arima-Thin.ttf"; path = "../assets/fonts/Arima/static/Arima-Thin.ttf"; sourceTree = "<group>"; };
		4B84FDBEE53E4BA8ACC738F5 /* NotoSansTamil_Condensed-SemiBold.ttf */ = {isa = PBXFileReference; explicitFileType = undefined; fileEncoding = 9; includeInIndex = 0; lastKnownFileType = unknown; name = "NotoSansTamil_Condensed-SemiBold.ttf"; path = "../assets/fonts/Noto_Sans_Tamil/static/NotoSansTamil_Condensed/NotoSansTamil_Condensed-SemiBold.ttf"; sourceTree = "<group>"; };
		4D97D35147314E14A6F8C58F /* NotoSansTamil_SemiCondensed-Light.ttf */ = {isa = PBXFileReference; explicitFileType = undefined; fileEncoding = 9; includeInIndex = 0; lastKnownFileType = unknown; name = "NotoSansTamil_SemiCondensed-Light.ttf"; path = "../assets/fonts/Noto_Sans_Tamil/static/NotoSansTamil_SemiCondensed/NotoSansTamil_SemiCondensed-Light.ttf"; sourceTree = "<group>"; };
		5568B58A17474E009D8CF166 /* NotoSansTamil_Condensed-Light.ttf */ = {isa = PBXFileReference; explicitFileType = undefined; fileEncoding = 9; includeInIndex = 0; lastKnownFileType = unknown; name = "NotoSansTamil_Condensed-Light.ttf"; path = "../assets/fonts/Noto_Sans_Tamil/static/NotoSansTamil_Condensed/NotoSansTamil_Condensed-Light.ttf"; sourceTree = "<group>"; };
		5709B34CF0A7D63546082F79 /* Pods-Sollividu.release.xcconfig */ = {isa = PBXFileReference; includeInIndex = 1; lastKnownFileType = text.xcconfig; name = "Pods-Sollividu.release.xcconfig"; path = "Target Support Files/Pods-Sollividu/Pods-Sollividu.release.xcconfig"; sourceTree = "<group>"; };
		5AB5AD5C41454A958150CD21 /* NotoSansTamil_ExtraCondensed-SemiBold.ttf */ = {isa = PBXFileReference; explicitFileType = undefined; fileEncoding = 9; includeInIndex = 0; lastKnownFileType = unknown; name = "NotoSansTamil_ExtraCondensed-SemiBold.ttf"; path = "../assets/fonts/Noto_Sans_Tamil/static/NotoSansTamil_ExtraCondensed/NotoSansTamil_ExtraCondensed-SemiBold.ttf"; sourceTree = "<group>"; };
		5B7EB9410499542E8C5724F5 /* Pods-Sollividu-SollividuTests.debug.xcconfig */ = {isa = PBXFileReference; includeInIndex = 1; lastKnownFileType = text.xcconfig; name = "Pods-Sollividu-SollividuTests.debug.xcconfig"; path = "Target Support Files/Pods-Sollividu-SollividuTests/Pods-Sollividu-SollividuTests.debug.xcconfig"; sourceTree = "<group>"; };
		5DCACB8F33CDC322A6C60F78 /* libPods-Sollividu.a */ = {isa = PBXFileReference; explicitFileType = archive.ar; includeInIndex = 0; path = "libPods-Sollividu.a"; sourceTree = BUILT_PRODUCTS_DIR; };
		68C9BF5C66884240837EAC5C /* NotoSansTamil_SemiCondensed-Bold.ttf */ = {isa = PBXFileReference; explicitFileType = undefined; fileEncoding = 9; includeInIndex = 0; lastKnownFileType = unknown; name = "NotoSansTamil_SemiCondensed-Bold.ttf"; path = "../assets/fonts/Noto_Sans_Tamil/static/NotoSansTamil_SemiCondensed/NotoSansTamil_SemiCondensed-Bold.ttf"; sourceTree = "<group>"; };
		69ADEE7AFB3B4929B78129C0 /* NotoSansTamil_SemiCondensed-ExtraBold.ttf */ = {isa = PBXFileReference; explicitFileType = undefined; fileEncoding = 9; includeInIndex = 0; lastKnownFileType = unknown; name = "NotoSansTamil_SemiCondensed-ExtraBold.ttf"; path = "../assets/fonts/Noto_Sans_Tamil/static/NotoSansTamil_SemiCondensed/NotoSansTamil_SemiCondensed-ExtraBold.ttf"; sourceTree = "<group>"; };
		74445C8E4CEE47CB82AE10D6 /* NotoSansTamil_ExtraCondensed-Medium.ttf */ = {isa = PBXFileReference; explicitFileType = undefined; fileEncoding = 9; includeInIndex = 0; lastKnownFileType = unknown; name = "NotoSansTamil_ExtraCondensed-Medium.ttf"; path = "../assets/fonts/Noto_Sans_Tamil/static/NotoSansTamil_ExtraCondensed/NotoSansTamil_ExtraCondensed-Medium.ttf"; sourceTree = "<group>"; };
		7532C6DC9F6547CEA93268CD /* NotoSansTamil-ExtraLight.ttf */ = {isa = PBXFileReference; explicitFileType = undefined; fileEncoding = 9; includeInIndex = 0; lastKnownFileType = unknown; name = "NotoSansTamil-ExtraLight.ttf"; path = "../assets/fonts/Noto_Sans_Tamil/static/NotoSansTamil/NotoSansTamil-ExtraLight.ttf"; sourceTree = "<group>"; };
		7853393DB38243639614E75E /* NotoSansTamil_ExtraCondensed-Regular.ttf */ = {isa = PBXFileReference; explicitFileType = undefined; fileEncoding = 9; includeInIndex = 0; lastKnownFileType = unknown; name = "NotoSansTamil_ExtraCondensed-Regular.ttf"; path = "../assets/fonts/Noto_Sans_Tamil/static/NotoSansTamil_ExtraCondensed/NotoSansTamil_ExtraCondensed-Regular.ttf"; sourceTree = "<group>"; };
		7C147466BE384911B5891E6D /* Feather.ttf */ = {isa = PBXFileReference; explicitFileType = undefined; fileEncoding = 9; includeInIndex = 0; lastKnownFileType = unknown; name = Feather.ttf; path = ../assets/fonts/Feather.ttf; sourceTree = "<group>"; };
		7FF6D07D7D274441825BB7A3 /* Arima-Light.ttf */ = {isa = PBXFileReference; explicitFileType = undefined; fileEncoding = 9; includeInIndex = 0; lastKnownFileType = unknown; name = "Arima-Light.ttf"; path = "../assets/fonts/Arima/static/Arima-Light.ttf"; sourceTree = "<group>"; };
		89C6BE57DB24E9ADA2F236DE /* Pods-Sollividu-SollividuTests.release.xcconfig */ = {isa = PBXFileReference; includeInIndex = 1; lastKnownFileType = text.xcconfig; name = "Pods-Sollividu-SollividuTests.release.xcconfig"; path = "Target Support Files/Pods-Sollividu-SollividuTests/Pods-Sollividu-SollividuTests.release.xcconfig"; sourceTree = "<group>"; };
		8C2689A4825F42AFA31B7BB1 /* NotoSansTamil_Condensed-ExtraBold.ttf */ = {isa = PBXFileReference; explicitFileType = undefined; fileEncoding = 9; includeInIndex = 0; lastKnownFileType = unknown; name = "NotoSansTamil_Condensed-ExtraBold.ttf"; path = "../assets/fonts/Noto_Sans_Tamil/static/NotoSansTamil_Condensed/NotoSansTamil_Condensed-ExtraBold.ttf"; sourceTree = "<group>"; };
		8D4E892398444362AEA9D0CF /* NotoSansTamil-Thin.ttf */ = {isa = PBXFileReference; explicitFileType = undefined; fileEncoding = 9; includeInIndex = 0; lastKnownFileType = unknown; name = "NotoSansTamil-Thin.ttf"; path = "../assets/fonts/Noto_Sans_Tamil/static/NotoSansTamil/NotoSansTamil-Thin.ttf"; sourceTree = "<group>"; };
		8DA62784BCE048678ADD20C9 /* NotoSansTamil-Bold.ttf */ = {isa = PBXFileReference; explicitFileType = undefined; fileEncoding = 9; includeInIndex = 0; lastKnownFileType = unknown; name = "NotoSansTamil-Bold.ttf"; path = "../assets/fonts/Noto_Sans_Tamil/static/NotoSansTamil/NotoSansTamil-Bold.ttf"; sourceTree = "<group>"; };
		8E3C833398DB43EA8BCC5D4E /* tamillexicon_unique_words_of_length_5.txt */ = {isa = PBXFileReference; explicitFileType = undefined; fileEncoding = 9; includeInIndex = 0; lastKnownFileType = unknown; name = tamillexicon_unique_words_of_length_5.txt; path = ../assets/wordLists/tamillexicon_unique_words_of_length_5.txt; sourceTree = "<group>"; };
		8E60E165926E4768928FF64A /* NotoSansTamil_SemiCondensed-Thin.ttf */ = {isa = PBXFileReference; explicitFileType = undefined; fileEncoding = 9; includeInIndex = 0; lastKnownFileType = unknown; name = "NotoSansTamil_SemiCondensed-Thin.ttf"; path = "../assets/fonts/Noto_Sans_Tamil/static/NotoSansTamil_SemiCondensed/NotoSansTamil_SemiCondensed-Thin.ttf"; sourceTree = "<group>"; };
		8F9FFAB794E7450794258841 /* NotoSansTamil_SemiCondensed-Medium.ttf */ = {isa = PBXFileReference; explicitFileType = undefined; fileEncoding = 9; includeInIndex = 0; lastKnownFileType = unknown; name = "NotoSansTamil_SemiCondensed-Medium.ttf"; path = "../assets/fonts/Noto_Sans_Tamil/static/NotoSansTamil_SemiCondensed/NotoSansTamil_SemiCondensed-Medium.ttf"; sourceTree = "<group>"; };
		90E62C982C56489AAF224F9D /* NotoSansTamil_ExtraCondensed-Thin.ttf */ = {isa = PBXFileReference; explicitFileType = undefined; fileEncoding = 9; includeInIndex = 0; lastKnownFileType = unknown; name = "NotoSansTamil_ExtraCondensed-Thin.ttf"; path = "../assets/fonts/Noto_Sans_Tamil/static/NotoSansTamil_ExtraCondensed/NotoSansTamil_ExtraCondensed-Thin.ttf"; sourceTree = "<group>"; };
		91C65F4A015A4A1EAF564E40 /* Arima-Regular.ttf */ = {isa = PBXFileReference; explicitFileType = undefined; fileEncoding = 9; includeInIndex = 0; lastKnownFileType = unknown; name = "Arima-Regular.ttf"; path = "../assets/fonts/Arima/static/Arima-Regular.ttf"; sourceTree = "<group>"; };
		927418D0667847408611245A /* NotoSansTamil-Regular.ttf */ = {isa = PBXFileReference; explicitFileType = undefined; fileEncoding = 9; includeInIndex = 0; lastKnownFileType = unknown; name = "NotoSansTamil-Regular.ttf"; path = "../assets/fonts/Noto_Sans_Tamil/static/NotoSansTamil/NotoSansTamil-Regular.ttf"; sourceTree = "<group>"; };
		93D928963C4D4DD286FBD381 /* AppIcon_512x512.png */ = {isa = PBXFileReference; explicitFileType = undefined; fileEncoding = 9; includeInIndex = 0; lastKnownFileType = unknown; name = AppIcon_512x512.png; path = ../assets/images/AppIcon_512x512.png; sourceTree = "<group>"; };
		95598F1CFBE14CA6BAA4695D /* tamillexicon_unique_words_of_length_6.txt */ = {isa = PBXFileReference; explicitFileType = undefined; fileEncoding = 9; includeInIndex = 0; lastKnownFileType = unknown; name = tamillexicon_unique_words_of_length_6.txt; path = ../assets/wordLists/tamillexicon_unique_words_of_length_6.txt; sourceTree = "<group>"; };
		9A5F835F1EC64615961E2D26 /* AppIcon.png */ = {isa = PBXFileReference; explicitFileType = undefined; fileEncoding = 9; includeInIndex = 0; lastKnownFileType = unknown; name = AppIcon.png; path = ../assets/images/AppIcon.png; sourceTree = "<group>"; };
		A245DC15CD6E403488708906 /* NotoSansTamil-Medium.ttf */ = {isa = PBXFileReference; explicitFileType = undefined; fileEncoding = 9; includeInIndex = 0; lastKnownFileType = unknown; name = "NotoSansTamil-Medium.ttf"; path = "../assets/fonts/Noto_Sans_Tamil/static/NotoSansTamil/NotoSansTamil-Medium.ttf"; sourceTree = "<group>"; };
		A90899E18F6B4B86958603DE /* NotoSansTamil_SemiCondensed-ExtraLight.ttf */ = {isa = PBXFileReference; explicitFileType = undefined; fileEncoding = 9; includeInIndex = 0; lastKnownFileType = unknown; name = "NotoSansTamil_SemiCondensed-ExtraLight.ttf"; path = "../assets/fonts/Noto_Sans_Tamil/static/NotoSansTamil_SemiCondensed/NotoSansTamil_SemiCondensed-ExtraLight.ttf"; sourceTree = "<group>"; };
		A90E694B90024CAB966C5622 /* NotoSansTamil-Light.ttf */ = {isa = PBXFileReference; explicitFileType = undefined; fileEncoding = 9; includeInIndex = 0; lastKnownFileType = unknown; name = "NotoSansTamil-Light.ttf"; path = "../assets/fonts/Noto_Sans_Tamil/static/NotoSansTamil/NotoSansTamil-Light.ttf"; sourceTree = "<group>"; };
		B0E78F3EE5A0466B80F7260D /* NotoSansTamil-VariableFont_wdth,wght.ttf */ = {isa = PBXFileReference; explicitFileType = undefined; fileEncoding = 9; includeInIndex = 0; lastKnownFileType = unknown; name = "NotoSansTamil-VariableFont_wdth,wght.ttf"; path = "../assets/fonts/Noto_Sans_Tamil/NotoSansTamil-VariableFont_wdth,wght.ttf"; sourceTree = "<group>"; };
		BB90E3C9D15D4CC592D2489C /* NotoSansTamil_Condensed-Black.ttf */ = {isa = PBXFileReference; explicitFileType = undefined; fileEncoding = 9; includeInIndex = 0; lastKnownFileType = unknown; name = "NotoSansTamil_Condensed-Black.ttf"; path = "../assets/fonts/Noto_Sans_Tamil/static/NotoSansTamil_Condensed/NotoSansTamil_Condensed-Black.ttf"; sourceTree = "<group>"; };
		BD18922948224BC1A6E6A897 /* NotoSansTamil_SemiCondensed-Black.ttf */ = {isa = PBXFileReference; explicitFileType = undefined; fileEncoding = 9; includeInIndex = 0; lastKnownFileType = unknown; name = "NotoSansTamil_SemiCondensed-Black.ttf"; path = "../assets/fonts/Noto_Sans_Tamil/static/NotoSansTamil_SemiCondensed/NotoSansTamil_SemiCondensed-Black.ttf"; sourceTree = "<group>"; };
		C047BFB3EFC14D42BA29E9AD /* NotoSansTamil_ExtraCondensed-Black.ttf */ = {isa = PBXFileReference; explicitFileType = undefined; fileEncoding = 9; includeInIndex = 0; lastKnownFileType = unknown; name = "NotoSansTamil_ExtraCondensed-Black.ttf"; path = "../assets/fonts/Noto_Sans_Tamil/static/NotoSansTamil_ExtraCondensed/NotoSansTamil_ExtraCondensed-Black.ttf"; sourceTree = "<group>"; };
		C416B678408C4F4B986A3D23 /* NotoSansTamil-SemiBold.ttf */ = {isa = PBXFileReference; explicitFileType = undefined; fileEncoding = 9; includeInIndex = 0; lastKnownFileType = unknown; name = "NotoSansTamil-SemiBold.ttf"; path = "../assets/fonts/Noto_Sans_Tamil/static/NotoSansTamil/NotoSansTamil-SemiBold.ttf"; sourceTree = "<group>"; };
		CEB34BE889814531A3ED7037 /* tamillexicon_unique_words_of_length_3.txt */ = {isa = PBXFileReference; explicitFileType = undefined; fileEncoding = 9; includeInIndex = 0; lastKnownFileType = unknown; name = tamillexicon_unique_words_of_length_3.txt; path = ../assets/wordLists/tamillexicon_unique_words_of_length_3.txt; sourceTree = "<group>"; };
		D00BE93829255CEA00017A6D /* SplashScreen.xcodeproj */ = {isa = PBXFileReference; lastKnownFileType = "wrapper.pb-project"; name = SplashScreen.xcodeproj; path = "../node_modules/react-native-splash-screen/ios/SplashScreen.xcodeproj"; sourceTree = "<group>"; };
		D00BE940292585FB00017A6D /* BootSplash.storyboard */ = {isa = PBXFileReference; fileEncoding = 4; lastKnownFileType = file.storyboard; name = BootSplash.storyboard; path = Sollividu/BootSplash.storyboard; sourceTree = "<group>"; };
		DB711C2AF0F44EBF91A812E9 /* Arima-Bold.ttf */ = {isa = PBXFileReference; explicitFileType = undefined; fileEncoding = 9; includeInIndex = 0; lastKnownFileType = unknown; name = "Arima-Bold.ttf"; path = "../assets/fonts/Arima/static/Arima-Bold.ttf"; sourceTree = "<group>"; };
		DDAE9088B58B411AA6DE0054 /* Arima-Medium.ttf */ = {isa = PBXFileReference; explicitFileType = undefined; fileEncoding = 9; includeInIndex = 0; lastKnownFileType = unknown; name = "Arima-Medium.ttf"; path = "../assets/fonts/Arima/static/Arima-Medium.ttf"; sourceTree = "<group>"; };
		EB34E453F403458AB3D5DCDC /* NotoSansTamil_ExtraCondensed-Light.ttf */ = {isa = PBXFileReference; explicitFileType = undefined; fileEncoding = 9; includeInIndex = 0; lastKnownFileType = unknown; name = "NotoSansTamil_ExtraCondensed-Light.ttf"; path = "../assets/fonts/Noto_Sans_Tamil/static/NotoSansTamil_ExtraCondensed/NotoSansTamil_ExtraCondensed-Light.ttf"; sourceTree = "<group>"; };
		ED297162215061F000B7C4FE /* JavaScriptCore.framework */ = {isa = PBXFileReference; lastKnownFileType = wrapper.framework; name = JavaScriptCore.framework; path = System/Library/Frameworks/JavaScriptCore.framework; sourceTree = SDKROOT; };
		ED3E8AF6E85F4F8AA6B06326 /* NotoSansTamil_Condensed-Bold.ttf */ = {isa = PBXFileReference; explicitFileType = undefined; fileEncoding = 9; includeInIndex = 0; lastKnownFileType = unknown; name = "NotoSansTamil_Condensed-Bold.ttf"; path = "../assets/fonts/Noto_Sans_Tamil/static/NotoSansTamil_Condensed/NotoSansTamil_Condensed-Bold.ttf"; sourceTree = "<group>"; };
		F1730F8D37C64A00BC3D98FE /* NotoSansTamil_SemiCondensed-Regular.ttf */ = {isa = PBXFileReference; explicitFileType = undefined; fileEncoding = 9; includeInIndex = 0; lastKnownFileType = unknown; name = "NotoSansTamil_SemiCondensed-Regular.ttf"; path = "../assets/fonts/Noto_Sans_Tamil/static/NotoSansTamil_SemiCondensed/NotoSansTamil_SemiCondensed-Regular.ttf"; sourceTree = "<group>"; };
		F40CAA5EA5CA4F17AC4A45A3 /* Arima-VariableFont_wght.ttf */ = {isa = PBXFileReference; explicitFileType = undefined; fileEncoding = 9; includeInIndex = 0; lastKnownFileType = unknown; name = "Arima-VariableFont_wght.ttf"; path = "../assets/fonts/Arima/Arima-VariableFont_wght.ttf"; sourceTree = "<group>"; };
		F57688B5927249E18B182D4E /* MaterialCommunityIcons.ttf */ = {isa = PBXFileReference; explicitFileType = undefined; fileEncoding = 9; includeInIndex = 0; lastKnownFileType = unknown; name = MaterialCommunityIcons.ttf; path = ../assets/fonts/MaterialCommunityIcons.ttf; sourceTree = "<group>"; };
		F5D075E4AEB8415BB0CD3BD3 /* NotoSansTamil_Condensed-Medium.ttf */ = {isa = PBXFileReference; explicitFileType = undefined; fileEncoding = 9; includeInIndex = 0; lastKnownFileType = unknown; name = "NotoSansTamil_Condensed-Medium.ttf"; path = "../assets/fonts/Noto_Sans_Tamil/static/NotoSansTamil_Condensed/NotoSansTamil_Condensed-Medium.ttf"; sourceTree = "<group>"; };
		F74D19D803494407A0145C2B /* MaterialIcons.ttf */ = {isa = PBXFileReference; explicitFileType = undefined; fileEncoding = 9; includeInIndex = 0; lastKnownFileType = unknown; name = MaterialIcons.ttf; path = ../assets/fonts/MaterialIcons.ttf; sourceTree = "<group>"; };
		F77F02ADA34A4995974CC4C0 /* NotoSansTamil_Condensed-ExtraLight.ttf */ = {isa = PBXFileReference; explicitFileType = undefined; fileEncoding = 9; includeInIndex = 0; lastKnownFileType = unknown; name = "NotoSansTamil_Condensed-ExtraLight.ttf"; path = "../assets/fonts/Noto_Sans_Tamil/static/NotoSansTamil_Condensed/NotoSansTamil_Condensed-ExtraLight.ttf"; sourceTree = "<group>"; };
/* End PBXFileReference section */

/* Begin PBXFrameworksBuildPhase section */
		00E356EB1AD99517003FC87E /* Frameworks */ = {
			isa = PBXFrameworksBuildPhase;
			buildActionMask = 2147483647;
			files = (
				7699B88040F8A987B510C191 /* libPods-Sollividu-SollividuTests.a in Frameworks */,
			);
			runOnlyForDeploymentPostprocessing = 0;
		};
		13B07F8C1A680F5B00A75B9A /* Frameworks */ = {
			isa = PBXFrameworksBuildPhase;
			buildActionMask = 2147483647;
			files = (
				0C80B921A6F3F58F76C31292 /* libPods-Sollividu.a in Frameworks */,
			);
			runOnlyForDeploymentPostprocessing = 0;
		};
/* End PBXFrameworksBuildPhase section */

/* Begin PBXGroup section */
		00E356EF1AD99517003FC87E /* SollividuTests */ = {
			isa = PBXGroup;
			children = (
				00E356F21AD99517003FC87E /* SollividuTests.m */,
				00E356F01AD99517003FC87E /* Supporting Files */,
			);
			path = SollividuTests;
			sourceTree = "<group>";
		};
		00E356F01AD99517003FC87E /* Supporting Files */ = {
			isa = PBXGroup;
			children = (
				00E356F11AD99517003FC87E /* Info.plist */,
			);
			name = "Supporting Files";
			sourceTree = "<group>";
		};
		13B07FAE1A68108700A75B9A /* Sollividu */ = {
			isa = PBXGroup;
			children = (
				13B07FAF1A68108700A75B9A /* AppDelegate.h */,
				13B07FB01A68108700A75B9A /* AppDelegate.mm */,
				13B07FB51A68108700A75B9A /* Images.xcassets */,
				13B07FB61A68108700A75B9A /* Info.plist */,
				D00BE940292585FB00017A6D /* BootSplash.storyboard */,
				13B07FB71A68108700A75B9A /* main.m */,
			);
			name = Sollividu;
			sourceTree = "<group>";
		};
		203FD4213EFC4F00AE46B948 /* Resources */ = {
			isa = PBXGroup;
			children = (
				F40CAA5EA5CA4F17AC4A45A3 /* Arima-VariableFont_wght.ttf */,
				DB711C2AF0F44EBF91A812E9 /* Arima-Bold.ttf */,
				2F6DA31005174406A32E8C6F /* Arima-ExtraLight.ttf */,
				7FF6D07D7D274441825BB7A3 /* Arima-Light.ttf */,
				DDAE9088B58B411AA6DE0054 /* Arima-Medium.ttf */,
				91C65F4A015A4A1EAF564E40 /* Arima-Regular.ttf */,
				35DA1BB3F2B545E7AAA14DCA /* Arima-SemiBold.ttf */,
				4823D3EFC8A34AB58FEC6116 /* Arima-Thin.ttf */,
				B0E78F3EE5A0466B80F7260D /* NotoSansTamil-VariableFont_wdth,wght.ttf */,
				3CF4FDEBF0F74CE78AC8195D /* NotoSansTamil-Black.ttf */,
				8DA62784BCE048678ADD20C9 /* NotoSansTamil-Bold.ttf */,
				1390AB880202431199C69A27 /* NotoSansTamil-ExtraBold.ttf */,
				7532C6DC9F6547CEA93268CD /* NotoSansTamil-ExtraLight.ttf */,
				A90E694B90024CAB966C5622 /* NotoSansTamil-Light.ttf */,
				A245DC15CD6E403488708906 /* NotoSansTamil-Medium.ttf */,
				927418D0667847408611245A /* NotoSansTamil-Regular.ttf */,
				C416B678408C4F4B986A3D23 /* NotoSansTamil-SemiBold.ttf */,
				8D4E892398444362AEA9D0CF /* NotoSansTamil-Thin.ttf */,
				BB90E3C9D15D4CC592D2489C /* NotoSansTamil_Condensed-Black.ttf */,
				ED3E8AF6E85F4F8AA6B06326 /* NotoSansTamil_Condensed-Bold.ttf */,
				8C2689A4825F42AFA31B7BB1 /* NotoSansTamil_Condensed-ExtraBold.ttf */,
				F77F02ADA34A4995974CC4C0 /* NotoSansTamil_Condensed-ExtraLight.ttf */,
				5568B58A17474E009D8CF166 /* NotoSansTamil_Condensed-Light.ttf */,
				F5D075E4AEB8415BB0CD3BD3 /* NotoSansTamil_Condensed-Medium.ttf */,
				23E1E6941E5F46D1953EB615 /* NotoSansTamil_Condensed-Regular.ttf */,
				4B84FDBEE53E4BA8ACC738F5 /* NotoSansTamil_Condensed-SemiBold.ttf */,
				3380BEC7D8D448A6A5C1BE6E /* NotoSansTamil_Condensed-Thin.ttf */,
				C047BFB3EFC14D42BA29E9AD /* NotoSansTamil_ExtraCondensed-Black.ttf */,
				19A2434F931B48D0984D67DD /* NotoSansTamil_ExtraCondensed-Bold.ttf */,
				0124926EEB7D4F5DA54C2E09 /* NotoSansTamil_ExtraCondensed-ExtraBold.ttf */,
				14130EC017A54765AEF343CD /* NotoSansTamil_ExtraCondensed-ExtraLight.ttf */,
				EB34E453F403458AB3D5DCDC /* NotoSansTamil_ExtraCondensed-Light.ttf */,
				74445C8E4CEE47CB82AE10D6 /* NotoSansTamil_ExtraCondensed-Medium.ttf */,
				7853393DB38243639614E75E /* NotoSansTamil_ExtraCondensed-Regular.ttf */,
				5AB5AD5C41454A958150CD21 /* NotoSansTamil_ExtraCondensed-SemiBold.ttf */,
				90E62C982C56489AAF224F9D /* NotoSansTamil_ExtraCondensed-Thin.ttf */,
				BD18922948224BC1A6E6A897 /* NotoSansTamil_SemiCondensed-Black.ttf */,
				68C9BF5C66884240837EAC5C /* NotoSansTamil_SemiCondensed-Bold.ttf */,
				69ADEE7AFB3B4929B78129C0 /* NotoSansTamil_SemiCondensed-ExtraBold.ttf */,
				A90899E18F6B4B86958603DE /* NotoSansTamil_SemiCondensed-ExtraLight.ttf */,
				4D97D35147314E14A6F8C58F /* NotoSansTamil_SemiCondensed-Light.ttf */,
				8F9FFAB794E7450794258841 /* NotoSansTamil_SemiCondensed-Medium.ttf */,
				F1730F8D37C64A00BC3D98FE /* NotoSansTamil_SemiCondensed-Regular.ttf */,
				2FCA3358D3594B1E9FCCCAFB /* NotoSansTamil_SemiCondensed-SemiBold.ttf */,
				8E60E165926E4768928FF64A /* NotoSansTamil_SemiCondensed-Thin.ttf */,
				7C147466BE384911B5891E6D /* Feather.ttf */,
				CEB34BE889814531A3ED7037 /* tamillexicon_unique_words_of_length_3.txt */,
				1CE93F67B0DC464F9B4CDC96 /* tamillexicon_unique_words_of_length_4.txt */,
				8E3C833398DB43EA8BCC5D4E /* tamillexicon_unique_words_of_length_5.txt */,
				95598F1CFBE14CA6BAA4695D /* tamillexicon_unique_words_of_length_6.txt */,
				F74D19D803494407A0145C2B /* MaterialIcons.ttf */,
				F57688B5927249E18B182D4E /* MaterialCommunityIcons.ttf */,
				22D9A2EC31B94625A02BEAD1 /* Ionicons.ttf */,
				9A5F835F1EC64615961E2D26 /* AppIcon.png */,
				1DA0D4135C1C4A2F92E08AD0 /* AppIconBackground.png */,
				11CFF1D8721F4D9D9751B49F /* AppIconForeground.png */,
				93D928963C4D4DD286FBD381 /* AppIcon_512x512.png */,
				0CD3CAA832CA4AB5B2B8BD8E /* AppSplash.png */,
			);
			name = Resources;
			sourceTree = "<group>";
		};
		2D16E6871FA4F8E400B85C8A /* Frameworks */ = {
			isa = PBXGroup;
			children = (
				ED297162215061F000B7C4FE /* JavaScriptCore.framework */,
				5DCACB8F33CDC322A6C60F78 /* libPods-Sollividu.a */,
				19F6CBCC0A4E27FBF8BF4A61 /* libPods-Sollividu-SollividuTests.a */,
			);
			name = Frameworks;
			sourceTree = "<group>";
		};
		832341AE1AAA6A7D00B99B32 /* Libraries */ = {
			isa = PBXGroup;
			children = (
				D00BE93829255CEA00017A6D /* SplashScreen.xcodeproj */,
			);
			name = Libraries;
			sourceTree = "<group>";
		};
		83CBB9F61A601CBA00E9B192 = {
			isa = PBXGroup;
			children = (
				13B07FAE1A68108700A75B9A /* Sollividu */,
				832341AE1AAA6A7D00B99B32 /* Libraries */,
				00E356EF1AD99517003FC87E /* SollividuTests */,
				83CBBA001A601CBA00E9B192 /* Products */,
				2D16E6871FA4F8E400B85C8A /* Frameworks */,
				BBD78D7AC51CEA395F1C20DB /* Pods */,
				203FD4213EFC4F00AE46B948 /* Resources */,
			);
			indentWidth = 2;
			sourceTree = "<group>";
			tabWidth = 2;
			usesTabs = 0;
		};
		83CBBA001A601CBA00E9B192 /* Products */ = {
			isa = PBXGroup;
			children = (
				13B07F961A680F5B00A75B9A /* Sollividu.app */,
				00E356EE1AD99517003FC87E /* SollividuTests.xctest */,
			);
			name = Products;
			sourceTree = "<group>";
		};
		BBD78D7AC51CEA395F1C20DB /* Pods */ = {
			isa = PBXGroup;
			children = (
				3B4392A12AC88292D35C810B /* Pods-Sollividu.debug.xcconfig */,
				5709B34CF0A7D63546082F79 /* Pods-Sollividu.release.xcconfig */,
				5B7EB9410499542E8C5724F5 /* Pods-Sollividu-SollividuTests.debug.xcconfig */,
				89C6BE57DB24E9ADA2F236DE /* Pods-Sollividu-SollividuTests.release.xcconfig */,
			);
			path = Pods;
			sourceTree = "<group>";
		};
		D00BE93929255CEA00017A6D /* Products */ = {
			isa = PBXGroup;
			children = (
				D00BE93D29255CEA00017A6D /* libSplashScreen.a */,
			);
			name = Products;
			sourceTree = "<group>";
		};
/* End PBXGroup section */

/* Begin PBXNativeTarget section */
		00E356ED1AD99517003FC87E /* SollividuTests */ = {
			isa = PBXNativeTarget;
			buildConfigurationList = 00E357021AD99517003FC87E /* Build configuration list for PBXNativeTarget "SollividuTests" */;
			buildPhases = (
				A55EABD7B0C7F3A422A6CC61 /* [CP] Check Pods Manifest.lock */,
				00E356EA1AD99517003FC87E /* Sources */,
				00E356EB1AD99517003FC87E /* Frameworks */,
				00E356EC1AD99517003FC87E /* Resources */,
				F6A41C54EA430FDDC6A6ED99 /* [CP] Copy Pods Resources */,
				643097671EEEE23F1D80C934 /* [CP] Embed Pods Frameworks */,
			);
			buildRules = (
			);
			dependencies = (
				00E356F51AD99517003FC87E /* PBXTargetDependency */,
			);
			name = SollividuTests;
			productName = SollividuTests;
			productReference = 00E356EE1AD99517003FC87E /* SollividuTests.xctest */;
			productType = "com.apple.product-type.bundle.unit-test";
		};
		13B07F861A680F5B00A75B9A /* Sollividu */ = {
			isa = PBXNativeTarget;
			buildConfigurationList = 13B07F931A680F5B00A75B9A /* Build configuration list for PBXNativeTarget "Sollividu" */;
			buildPhases = (
				C38B50BA6285516D6DCD4F65 /* [CP] Check Pods Manifest.lock */,
				FD10A7F022414F080027D42C /* Start Packager */,
				13B07F871A680F5B00A75B9A /* Sources */,
				13B07F8C1A680F5B00A75B9A /* Frameworks */,
				13B07F8E1A680F5B00A75B9A /* Resources */,
				00DD1BFF1BD5951E006B06BC /* Bundle React Native code and images */,
				E235C05ADACE081382539298 /* [CP] Copy Pods Resources */,
				66D9A7C8D77AEB30E77F0C56 /* [CP] Embed Pods Frameworks */,
			);
			buildRules = (
			);
			dependencies = (
			);
			name = Sollividu;
			productName = Sollividu;
			productReference = 13B07F961A680F5B00A75B9A /* Sollividu.app */;
			productType = "com.apple.product-type.application";
		};
/* End PBXNativeTarget section */

/* Begin PBXProject section */
		83CBB9F71A601CBA00E9B192 /* Project object */ = {
			isa = PBXProject;
			attributes = {
				LastUpgradeCheck = 1210;
				TargetAttributes = {
					00E356ED1AD99517003FC87E = {
						CreatedOnToolsVersion = 6.2;
						TestTargetID = 13B07F861A680F5B00A75B9A;
					};
					13B07F861A680F5B00A75B9A = {
						LastSwiftMigration = 1120;
					};
				};
			};
			buildConfigurationList = 83CBB9FA1A601CBA00E9B192 /* Build configuration list for PBXProject "Sollividu" */;
			compatibilityVersion = "Xcode 12.0";
			developmentRegion = en;
			hasScannedForEncodings = 0;
			knownRegions = (
				en,
				Base,
			);
			mainGroup = 83CBB9F61A601CBA00E9B192;
			productRefGroup = 83CBBA001A601CBA00E9B192 /* Products */;
			projectDirPath = "";
			projectReferences = (
				{
					ProductGroup = D00BE93929255CEA00017A6D /* Products */;
					ProjectRef = D00BE93829255CEA00017A6D /* SplashScreen.xcodeproj */;
				},
			);
			projectRoot = "";
			targets = (
				13B07F861A680F5B00A75B9A /* Sollividu */,
				00E356ED1AD99517003FC87E /* SollividuTests */,
			);
		};
/* End PBXProject section */

/* Begin PBXReferenceProxy section */
		D00BE93D29255CEA00017A6D /* libSplashScreen.a */ = {
			isa = PBXReferenceProxy;
			fileType = archive.ar;
			path = libSplashScreen.a;
			remoteRef = D00BE93C29255CEA00017A6D /* PBXContainerItemProxy */;
			sourceTree = BUILT_PRODUCTS_DIR;
		};
/* End PBXReferenceProxy section */

/* Begin PBXResourcesBuildPhase section */
		00E356EC1AD99517003FC87E /* Resources */ = {
			isa = PBXResourcesBuildPhase;
			buildActionMask = 2147483647;
			files = (
			);
			runOnlyForDeploymentPostprocessing = 0;
		};
		13B07F8E1A680F5B00A75B9A /* Resources */ = {
			isa = PBXResourcesBuildPhase;
			buildActionMask = 2147483647;
			files = (
				13B07FBF1A68108700A75B9A /* Images.xcassets in Resources */,
				6D7E22C910CE44CD92364DBA /* Arima-VariableFont_wght.ttf in Resources */,
				CF7983EA734C4ECA928D2C69 /* Arima-Bold.ttf in Resources */,
				911A0890F1F244AB9B880B2E /* Arima-ExtraLight.ttf in Resources */,
				1F6D8AC5F8614251A7C12100 /* Arima-Light.ttf in Resources */,
				AE88B6C4A6004ED89B3F0275 /* Arima-Medium.ttf in Resources */,
				F62EB1BE97A042C39DC8F75B /* Arima-Regular.ttf in Resources */,
				4452679839354292ADCE61D5 /* Arima-SemiBold.ttf in Resources */,
				B3D6AFE94A2343ABB126D668 /* Arima-Thin.ttf in Resources */,
				EE119EC3C32F4EF0B321D199 /* NotoSansTamil-VariableFont_wdth,wght.ttf in Resources */,
				714FEF9131DD4C6CBF93B99D /* NotoSansTamil-Black.ttf in Resources */,
				3C49C201DD9748D891DAF6D4 /* NotoSansTamil-Bold.ttf in Resources */,
				44940DCD273E449AAD33ECE6 /* NotoSansTamil-ExtraBold.ttf in Resources */,
				803E97A6F15B4AA8A2C491E3 /* NotoSansTamil-ExtraLight.ttf in Resources */,
				E4C50DACA95E43FE910C0C57 /* NotoSansTamil-Light.ttf in Resources */,
				5F200C66D03543889C15820E /* NotoSansTamil-Medium.ttf in Resources */,
				FA02F55FD12241C9B043DBED /* NotoSansTamil-Regular.ttf in Resources */,
				D5038D7B14A943FB81B20098 /* NotoSansTamil-SemiBold.ttf in Resources */,
				C48E739EDB374BEDAF71125E /* NotoSansTamil-Thin.ttf in Resources */,
				D00BE942292585FB00017A6D /* BootSplash.storyboard in Resources */,
				B993252EE69549BAB32DE7C4 /* NotoSansTamil_Condensed-Black.ttf in Resources */,
				01B140ED3CF4464B973DC1AF /* NotoSansTamil_Condensed-Bold.ttf in Resources */,
				8AD679A425144279A0777CDC /* NotoSansTamil_Condensed-ExtraBold.ttf in Resources */,
				303847FACBDE4EF7B2826E68 /* NotoSansTamil_Condensed-ExtraLight.ttf in Resources */,
				73CA71D243854123A4CD891B /* NotoSansTamil_Condensed-Light.ttf in Resources */,
				872035BC692D4A2CA5AFA995 /* NotoSansTamil_Condensed-Medium.ttf in Resources */,
				E21DF628845F4C029C260B2A /* NotoSansTamil_Condensed-Regular.ttf in Resources */,
				25CDF46DB51C4FB1AC3FFADF /* NotoSansTamil_Condensed-SemiBold.ttf in Resources */,
				CF13F7532EE04D37812AAFFE /* NotoSansTamil_Condensed-Thin.ttf in Resources */,
				D99408943A86416DB85EC7D4 /* NotoSansTamil_ExtraCondensed-Black.ttf in Resources */,
				B658A10722F14E64894C97A9 /* NotoSansTamil_ExtraCondensed-Bold.ttf in Resources */,
				63345195139A41898F100289 /* NotoSansTamil_ExtraCondensed-ExtraBold.ttf in Resources */,
				74BAA89B66AF403E871EE9B6 /* NotoSansTamil_ExtraCondensed-ExtraLight.ttf in Resources */,
				E2FDD039837E4FA68EF79BF4 /* NotoSansTamil_ExtraCondensed-Light.ttf in Resources */,
				2067216995A54F6BB0565E1A /* NotoSansTamil_ExtraCondensed-Medium.ttf in Resources */,
				1A1A2FC6413F432A8A2BCCA1 /* NotoSansTamil_ExtraCondensed-Regular.ttf in Resources */,
				69D33D65C59540B3BF7167FE /* NotoSansTamil_ExtraCondensed-SemiBold.ttf in Resources */,
				1A9462CC2F90449B8DB786CA /* NotoSansTamil_ExtraCondensed-Thin.ttf in Resources */,
				3F31F4B19B3C498A8F812FFB /* NotoSansTamil_SemiCondensed-Black.ttf in Resources */,
				8EDAFE5CE0D24A5099A302F9 /* NotoSansTamil_SemiCondensed-Bold.ttf in Resources */,
				03F1687CA2574075875A17B8 /* NotoSansTamil_SemiCondensed-ExtraBold.ttf in Resources */,
				9D957A66F6EE46F28B59ADC5 /* NotoSansTamil_SemiCondensed-ExtraLight.ttf in Resources */,
				AE21D7B7F8A34EB9813400A7 /* NotoSansTamil_SemiCondensed-Light.ttf in Resources */,
				F5FC5416CFAE4C228F44D2A0 /* NotoSansTamil_SemiCondensed-Medium.ttf in Resources */,
				97EAC438C34E46F892FACA26 /* NotoSansTamil_SemiCondensed-Regular.ttf in Resources */,
				B2B949F8B1774AFAB6C06B79 /* NotoSansTamil_SemiCondensed-SemiBold.ttf in Resources */,
				B32BC354B0E54577AE05EF52 /* NotoSansTamil_SemiCondensed-Thin.ttf in Resources */,
				2BA726D598734338840AB198 /* Feather.ttf in Resources */,
				3E585F38681D475FAAC574AC /* tamillexicon_unique_words_of_length_3.txt in Resources */,
				369D842AF6E6430781B04780 /* tamillexicon_unique_words_of_length_4.txt in Resources */,
				1C14810E90F24292AC65457F /* tamillexicon_unique_words_of_length_5.txt in Resources */,
				203B62D2BBFB4D76A769668E /* tamillexicon_unique_words_of_length_6.txt in Resources */,
				CE93933EBC5545E0AE90DFCE /* MaterialIcons.ttf in Resources */,
				9C111EC30C0E429BA51D1BBE /* MaterialCommunityIcons.ttf in Resources */,
				59CCC5454B774807928394DB /* Ionicons.ttf in Resources */,
				66727CC4190F4B82A7B0121D /* AppIcon.png in Resources */,
				1D8FD02472D341FC89FFBEE2 /* AppIconBackground.png in Resources */,
				38B668FAD9EC49C9A9661F9A /* AppIconForeground.png in Resources */,
				10FA5493B7534E19B70A437A /* AppIcon_512x512.png in Resources */,
				CDF526E870554AD4A6E9EBCD /* AppSplash.png in Resources */,
			);
			runOnlyForDeploymentPostprocessing = 0;
		};
/* End PBXResourcesBuildPhase section */

/* Begin PBXShellScriptBuildPhase section */
		00DD1BFF1BD5951E006B06BC /* Bundle React Native code and images */ = {
			isa = PBXShellScriptBuildPhase;
			buildActionMask = 2147483647;
			files = (
			);
			inputPaths = (
				"$(SRCROOT)/.xcode.env.local",
				"$(SRCROOT)/.xcode.env",
			);
			name = "Bundle React Native code and images";
			outputPaths = (
			);
			runOnlyForDeploymentPostprocessing = 0;
			shellPath = /bin/sh;
			shellScript = "set -e\n\nWITH_ENVIRONMENT=\"../node_modules/react-native/scripts/xcode/with-environment.sh\"\nREACT_NATIVE_XCODE=\"../node_modules/react-native/scripts/react-native-xcode.sh\"\n\n/bin/sh -c \"$WITH_ENVIRONMENT $REACT_NATIVE_XCODE\"\n";
		};
		643097671EEEE23F1D80C934 /* [CP] Embed Pods Frameworks */ = {
			isa = PBXShellScriptBuildPhase;
			buildActionMask = 2147483647;
			files = (
			);
			inputFileListPaths = (
				"${PODS_ROOT}/Target Support Files/Pods-Sollividu-SollividuTests/Pods-Sollividu-SollividuTests-frameworks-${CONFIGURATION}-input-files.xcfilelist",
			);
			name = "[CP] Embed Pods Frameworks";
			outputFileListPaths = (
				"${PODS_ROOT}/Target Support Files/Pods-Sollividu-SollividuTests/Pods-Sollividu-SollividuTests-frameworks-${CONFIGURATION}-output-files.xcfilelist",
			);
			runOnlyForDeploymentPostprocessing = 0;
			shellPath = /bin/sh;
			shellScript = "\"${PODS_ROOT}/Target Support Files/Pods-Sollividu-SollividuTests/Pods-Sollividu-SollividuTests-frameworks.sh\"\n";
			showEnvVarsInLog = 0;
		};
		66D9A7C8D77AEB30E77F0C56 /* [CP] Embed Pods Frameworks */ = {
			isa = PBXShellScriptBuildPhase;
			buildActionMask = 2147483647;
			files = (
			);
			inputFileListPaths = (
				"${PODS_ROOT}/Target Support Files/Pods-Sollividu/Pods-Sollividu-frameworks-${CONFIGURATION}-input-files.xcfilelist",
			);
			name = "[CP] Embed Pods Frameworks";
			outputFileListPaths = (
				"${PODS_ROOT}/Target Support Files/Pods-Sollividu/Pods-Sollividu-frameworks-${CONFIGURATION}-output-files.xcfilelist",
			);
			runOnlyForDeploymentPostprocessing = 0;
			shellPath = /bin/sh;
			shellScript = "\"${PODS_ROOT}/Target Support Files/Pods-Sollividu/Pods-Sollividu-frameworks.sh\"\n";
			showEnvVarsInLog = 0;
		};
		A55EABD7B0C7F3A422A6CC61 /* [CP] Check Pods Manifest.lock */ = {
			isa = PBXShellScriptBuildPhase;
			buildActionMask = 2147483647;
			files = (
			);
			inputFileListPaths = (
			);
			inputPaths = (
				"${PODS_PODFILE_DIR_PATH}/Podfile.lock",
				"${PODS_ROOT}/Manifest.lock",
			);
			name = "[CP] Check Pods Manifest.lock";
			outputFileListPaths = (
			);
			outputPaths = (
				"$(DERIVED_FILE_DIR)/Pods-Sollividu-SollividuTests-checkManifestLockResult.txt",
			);
			runOnlyForDeploymentPostprocessing = 0;
			shellPath = /bin/sh;
			shellScript = "diff \"${PODS_PODFILE_DIR_PATH}/Podfile.lock\" \"${PODS_ROOT}/Manifest.lock\" > /dev/null\nif [ $? != 0 ] ; then\n    # print error to STDERR\n    echo \"error: The sandbox is not in sync with the Podfile.lock. Run 'pod install' or update your CocoaPods installation.\" >&2\n    exit 1\nfi\n# This output is used by Xcode 'outputs' to avoid re-running this script phase.\necho \"SUCCESS\" > \"${SCRIPT_OUTPUT_FILE_0}\"\n";
			showEnvVarsInLog = 0;
		};
		C38B50BA6285516D6DCD4F65 /* [CP] Check Pods Manifest.lock */ = {
			isa = PBXShellScriptBuildPhase;
			buildActionMask = 2147483647;
			files = (
			);
			inputFileListPaths = (
			);
			inputPaths = (
				"${PODS_PODFILE_DIR_PATH}/Podfile.lock",
				"${PODS_ROOT}/Manifest.lock",
			);
			name = "[CP] Check Pods Manifest.lock";
			outputFileListPaths = (
			);
			outputPaths = (
				"$(DERIVED_FILE_DIR)/Pods-Sollividu-checkManifestLockResult.txt",
			);
			runOnlyForDeploymentPostprocessing = 0;
			shellPath = /bin/sh;
			shellScript = "diff \"${PODS_PODFILE_DIR_PATH}/Podfile.lock\" \"${PODS_ROOT}/Manifest.lock\" > /dev/null\nif [ $? != 0 ] ; then\n    # print error to STDERR\n    echo \"error: The sandbox is not in sync with the Podfile.lock. Run 'pod install' or update your CocoaPods installation.\" >&2\n    exit 1\nfi\n# This output is used by Xcode 'outputs' to avoid re-running this script phase.\necho \"SUCCESS\" > \"${SCRIPT_OUTPUT_FILE_0}\"\n";
			showEnvVarsInLog = 0;
		};
		E235C05ADACE081382539298 /* [CP] Copy Pods Resources */ = {
			isa = PBXShellScriptBuildPhase;
			buildActionMask = 2147483647;
			files = (
			);
			inputFileListPaths = (
				"${PODS_ROOT}/Target Support Files/Pods-Sollividu/Pods-Sollividu-resources-${CONFIGURATION}-input-files.xcfilelist",
			);
			name = "[CP] Copy Pods Resources";
			outputFileListPaths = (
				"${PODS_ROOT}/Target Support Files/Pods-Sollividu/Pods-Sollividu-resources-${CONFIGURATION}-output-files.xcfilelist",
			);
			runOnlyForDeploymentPostprocessing = 0;
			shellPath = /bin/sh;
			shellScript = "\"${PODS_ROOT}/Target Support Files/Pods-Sollividu/Pods-Sollividu-resources.sh\"\n";
			showEnvVarsInLog = 0;
		};
		F6A41C54EA430FDDC6A6ED99 /* [CP] Copy Pods Resources */ = {
			isa = PBXShellScriptBuildPhase;
			buildActionMask = 2147483647;
			files = (
			);
			inputFileListPaths = (
				"${PODS_ROOT}/Target Support Files/Pods-Sollividu-SollividuTests/Pods-Sollividu-SollividuTests-resources-${CONFIGURATION}-input-files.xcfilelist",
			);
			name = "[CP] Copy Pods Resources";
			outputFileListPaths = (
				"${PODS_ROOT}/Target Support Files/Pods-Sollividu-SollividuTests/Pods-Sollividu-SollividuTests-resources-${CONFIGURATION}-output-files.xcfilelist",
			);
			runOnlyForDeploymentPostprocessing = 0;
			shellPath = /bin/sh;
			shellScript = "\"${PODS_ROOT}/Target Support Files/Pods-Sollividu-SollividuTests/Pods-Sollividu-SollividuTests-resources.sh\"\n";
			showEnvVarsInLog = 0;
		};
		FD10A7F022414F080027D42C /* Start Packager */ = {
			isa = PBXShellScriptBuildPhase;
			buildActionMask = 2147483647;
			files = (
			);
			inputFileListPaths = (
			);
			inputPaths = (
			);
			name = "Start Packager";
			outputFileListPaths = (
			);
			outputPaths = (
			);
			runOnlyForDeploymentPostprocessing = 0;
			shellPath = /bin/sh;
			shellScript = "export RCT_METRO_PORT=\"${RCT_METRO_PORT:=8081}\"\necho \"export RCT_METRO_PORT=${RCT_METRO_PORT}\" > \"${SRCROOT}/../node_modules/react-native/scripts/.packager.env\"\nif [ -z \"${RCT_NO_LAUNCH_PACKAGER+xxx}\" ] ; then\n  if nc -w 5 -z localhost ${RCT_METRO_PORT} ; then\n    if ! curl -s \"http://localhost:${RCT_METRO_PORT}/status\" | grep -q \"packager-status:running\" ; then\n      echo \"Port ${RCT_METRO_PORT} already in use, packager is either not running or not running correctly\"\n      exit 2\n    fi\n  else\n    open \"$SRCROOT/../node_modules/react-native/scripts/launchPackager.command\" || echo \"Can't start packager automatically\"\n  fi\nfi\n";
			showEnvVarsInLog = 0;
		};
/* End PBXShellScriptBuildPhase section */

/* Begin PBXSourcesBuildPhase section */
		00E356EA1AD99517003FC87E /* Sources */ = {
			isa = PBXSourcesBuildPhase;
			buildActionMask = 2147483647;
			files = (
				00E356F31AD99517003FC87E /* SollividuTests.m in Sources */,
			);
			runOnlyForDeploymentPostprocessing = 0;
		};
		13B07F871A680F5B00A75B9A /* Sources */ = {
			isa = PBXSourcesBuildPhase;
			buildActionMask = 2147483647;
			files = (
				13B07FBC1A68108700A75B9A /* AppDelegate.mm in Sources */,
				13B07FC11A68108700A75B9A /* main.m in Sources */,
			);
			runOnlyForDeploymentPostprocessing = 0;
		};
/* End PBXSourcesBuildPhase section */

/* Begin PBXTargetDependency section */
		00E356F51AD99517003FC87E /* PBXTargetDependency */ = {
			isa = PBXTargetDependency;
			target = 13B07F861A680F5B00A75B9A /* Sollividu */;
			targetProxy = 00E356F41AD99517003FC87E /* PBXContainerItemProxy */;
		};
/* End PBXTargetDependency section */

/* Begin XCBuildConfiguration section */
		00E356F61AD99517003FC87E /* Debug */ = {
			isa = XCBuildConfiguration;
			baseConfigurationReference = 5B7EB9410499542E8C5724F5 /* Pods-Sollividu-SollividuTests.debug.xcconfig */;
			buildSettings = {
				BUNDLE_LOADER = "$(TEST_HOST)";
				GCC_PREPROCESSOR_DEFINITIONS = (
					"DEBUG=1",
					"$(inherited)",
				);
				INFOPLIST_FILE = SollividuTests/Info.plist;
				IPHONEOS_DEPLOYMENT_TARGET = 12.4;
				LD_RUNPATH_SEARCH_PATHS = (
					"$(inherited)",
					"@executable_path/Frameworks",
					"@loader_path/Frameworks",
				);
				OTHER_LDFLAGS = (
					"-ObjC",
					"-lc++",
					"$(inherited)",
				);
				PRODUCT_BUNDLE_IDENTIFIER = "org.reactjs.native.example.$(PRODUCT_NAME:rfc1034identifier)";
				PRODUCT_NAME = "$(TARGET_NAME)";
				TEST_HOST = "$(BUILT_PRODUCTS_DIR)/Sollividu.app/Sollividu";
			};
			name = Debug;
		};
		00E356F71AD99517003FC87E /* Release */ = {
			isa = XCBuildConfiguration;
			baseConfigurationReference = 89C6BE57DB24E9ADA2F236DE /* Pods-Sollividu-SollividuTests.release.xcconfig */;
			buildSettings = {
				BUNDLE_LOADER = "$(TEST_HOST)";
				COPY_PHASE_STRIP = NO;
				INFOPLIST_FILE = SollividuTests/Info.plist;
				IPHONEOS_DEPLOYMENT_TARGET = 12.4;
				LD_RUNPATH_SEARCH_PATHS = (
					"$(inherited)",
					"@executable_path/Frameworks",
					"@loader_path/Frameworks",
				);
				OTHER_LDFLAGS = (
					"-ObjC",
					"-lc++",
					"$(inherited)",
				);
				PRODUCT_BUNDLE_IDENTIFIER = "org.reactjs.native.example.$(PRODUCT_NAME:rfc1034identifier)";
				PRODUCT_NAME = "$(TARGET_NAME)";
				TEST_HOST = "$(BUILT_PRODUCTS_DIR)/Sollividu.app/Sollividu";
			};
			name = Release;
		};
		13B07F941A680F5B00A75B9A /* Debug */ = {
			isa = XCBuildConfiguration;
			baseConfigurationReference = 3B4392A12AC88292D35C810B /* Pods-Sollividu.debug.xcconfig */;
			buildSettings = {
				ASSETCATALOG_COMPILER_APPICON_NAME = AppIcon;
				CLANG_ENABLE_MODULES = YES;
				CODE_SIGN_IDENTITY = "Apple Development";
				CODE_SIGN_STYLE = Automatic;
				CURRENT_PROJECT_VERSION = 1;
				DEVELOPMENT_TEAM = 8R5585AXKH;
				ENABLE_BITCODE = NO;
				HEADER_SEARCH_PATHS = (
					"$(inherited)",
					"\"${PODS_ROOT}/Headers/Public\"",
					"\"${PODS_ROOT}/Headers/Public/CocoaAsyncSocket\"",
					"\"${PODS_ROOT}/Headers/Public/DoubleConversion\"",
					"\"${PODS_ROOT}/Headers/Public/FBLazyVector\"",
					"\"${PODS_ROOT}/Headers/Public/Flipper\"",
					"\"${PODS_ROOT}/Headers/Public/Flipper-Fmt\"",
					"\"${PODS_ROOT}/Headers/Public/Flipper-Folly\"",
					"\"${PODS_ROOT}/Headers/Public/Flipper-PeerTalk\"",
					"\"${PODS_ROOT}/Headers/Public/Flipper-RSocket\"",
					"\"${PODS_ROOT}/Headers/Public/FlipperKit\"",
					"\"${PODS_ROOT}/Headers/Public/MMKV\"",
					"\"${PODS_ROOT}/Headers/Public/MMKVCore\"",
					"\"${PODS_ROOT}/Headers/Public/RCT-Folly\"",
					"\"${PODS_ROOT}/Headers/Public/RCTRequired\"",
					"\"${PODS_ROOT}/Headers/Public/RCTTypeSafety\"",
					"\"${PODS_ROOT}/Headers/Public/RNDeviceInfo\"",
					"\"${PODS_ROOT}/Headers/Public/RNFS\"",
					"\"${PODS_ROOT}/Headers/Public/RNLocalize\"",
					"\"${PODS_ROOT}/Headers/Public/RNSVG\"",
					"\"${PODS_ROOT}/Headers/Public/React-Codegen\"",
					"\"${PODS_ROOT}/Headers/Public/React-Core\"",
					"\"${PODS_ROOT}/Headers/Public/React-RCTAnimation\"",
					"\"${PODS_ROOT}/Headers/Public/React-RCTBlob\"",
					"\"${PODS_ROOT}/Headers/Public/React-RCTText\"",
					"\"${PODS_ROOT}/Headers/Public/React-bridging\"",
					"\"${PODS_ROOT}/Headers/Public/React-callinvoker\"",
					"\"${PODS_ROOT}/Headers/Public/React-cxxreact\"",
					"\"${PODS_ROOT}/Headers/Public/React-hermes\"",
					"\"${PODS_ROOT}/Headers/Public/React-jsi\"",
					"\"${PODS_ROOT}/Headers/Public/React-jsiexecutor\"",
					"\"${PODS_ROOT}/Headers/Public/React-jsinspector\"",
					"\"${PODS_ROOT}/Headers/Public/React-logger\"",
					"\"${PODS_ROOT}/Headers/Public/React-perflogger\"",
					"\"${PODS_ROOT}/Headers/Public/React-runtimeexecutor\"",
					"\"${PODS_ROOT}/Headers/Public/ReactCommon\"",
					"\"${PODS_ROOT}/Headers/Public/SocketRocket\"",
					"\"${PODS_ROOT}/Headers/Public/Yoga\"",
					"\"${PODS_ROOT}/Headers/Public/YogaKit\"",
					"\"${PODS_ROOT}/Headers/Public/fmt\"",
					"\"${PODS_ROOT}/Headers/Public/glog\"",
					"\"${PODS_ROOT}/Headers/Public/hermes-engine\"",
					"\"${PODS_ROOT}/Headers/Public/libevent\"",
					"\"${PODS_ROOT}/Headers/Public/react-native-mmkv\"",
					"\"${PODS_ROOT}/Headers/Public/react-native-splash-screen\"",
					"\"$(PODS_ROOT)/DoubleConversion\"",
					"\"$(PODS_ROOT)/boost\"",
					"\"$(PODS_ROOT)/Headers/Private/React-Core\"",
					"\"$(PODS_TARGET_SRCROOT)/include/\"",
				);
				INFOPLIST_FILE = Sollividu/Info.plist;
				INFOPLIST_KEY_CFBundleDisplayName = "சொல்லிவிடு";
				INFOPLIST_KEY_LSApplicationCategoryType = "public.app-category.word-games";
				LD_RUNPATH_SEARCH_PATHS = (
					"$(inherited)",
					"@executable_path/Frameworks",
				);
				OTHER_LDFLAGS = (
					"$(inherited)",
					"-ObjC",
					"-lc++",
				);
				PRODUCT_BUNDLE_IDENTIFIER = "org.reactjs.native.com.--PRODUCT-NAME-rfc1034identifier-";
				"PRODUCT_BUNDLE_IDENTIFIER[sdk=iphoneos*]" = org.reactjs.native.com.Sollividu;
				PRODUCT_NAME = Sollividu;
				PROVISIONING_PROFILE_SPECIFIER = "";
				SWIFT_OPTIMIZATION_LEVEL = "-Onone";
				SWIFT_VERSION = 5.0;
				VERSIONING_SYSTEM = "apple-generic";
			};
			name = Debug;
		};
		13B07F951A680F5B00A75B9A /* Release */ = {
			isa = XCBuildConfiguration;
			baseConfigurationReference = 5709B34CF0A7D63546082F79 /* Pods-Sollividu.release.xcconfig */;
			buildSettings = {
				ASSETCATALOG_COMPILER_APPICON_NAME = AppIcon;
				CLANG_ENABLE_MODULES = YES;
				CODE_SIGN_IDENTITY = "Apple Development";
				CODE_SIGN_STYLE = Automatic;
				CURRENT_PROJECT_VERSION = 1;
				DEVELOPMENT_TEAM = 8R5585AXKH;
				HEADER_SEARCH_PATHS = (
					"$(inherited)",
					"\"${PODS_ROOT}/Headers/Public\"",
					"\"${PODS_ROOT}/Headers/Public/CocoaAsyncSocket\"",
					"\"${PODS_ROOT}/Headers/Public/DoubleConversion\"",
					"\"${PODS_ROOT}/Headers/Public/FBLazyVector\"",
					"\"${PODS_ROOT}/Headers/Public/Flipper\"",
					"\"${PODS_ROOT}/Headers/Public/Flipper-Fmt\"",
					"\"${PODS_ROOT}/Headers/Public/Flipper-Folly\"",
					"\"${PODS_ROOT}/Headers/Public/Flipper-PeerTalk\"",
					"\"${PODS_ROOT}/Headers/Public/Flipper-RSocket\"",
					"\"${PODS_ROOT}/Headers/Public/FlipperKit\"",
					"\"${PODS_ROOT}/Headers/Public/MMKV\"",
					"\"${PODS_ROOT}/Headers/Public/MMKVCore\"",
					"\"${PODS_ROOT}/Headers/Public/RCT-Folly\"",
					"\"${PODS_ROOT}/Headers/Public/RCTRequired\"",
					"\"${PODS_ROOT}/Headers/Public/RCTTypeSafety\"",
					"\"${PODS_ROOT}/Headers/Public/RNDeviceInfo\"",
					"\"${PODS_ROOT}/Headers/Public/RNFS\"",
					"\"${PODS_ROOT}/Headers/Public/RNLocalize\"",
					"\"${PODS_ROOT}/Headers/Public/RNSVG\"",
					"\"${PODS_ROOT}/Headers/Public/React-Codegen\"",
					"\"${PODS_ROOT}/Headers/Public/React-Core\"",
					"\"${PODS_ROOT}/Headers/Public/React-RCTAnimation\"",
					"\"${PODS_ROOT}/Headers/Public/React-RCTBlob\"",
					"\"${PODS_ROOT}/Headers/Public/React-RCTText\"",
					"\"${PODS_ROOT}/Headers/Public/React-bridging\"",
					"\"${PODS_ROOT}/Headers/Public/React-callinvoker\"",
					"\"${PODS_ROOT}/Headers/Public/React-cxxreact\"",
					"\"${PODS_ROOT}/Headers/Public/React-hermes\"",
					"\"${PODS_ROOT}/Headers/Public/React-jsi\"",
					"\"${PODS_ROOT}/Headers/Public/React-jsiexecutor\"",
					"\"${PODS_ROOT}/Headers/Public/React-jsinspector\"",
					"\"${PODS_ROOT}/Headers/Public/React-logger\"",
					"\"${PODS_ROOT}/Headers/Public/React-perflogger\"",
					"\"${PODS_ROOT}/Headers/Public/React-runtimeexecutor\"",
					"\"${PODS_ROOT}/Headers/Public/ReactCommon\"",
					"\"${PODS_ROOT}/Headers/Public/SocketRocket\"",
					"\"${PODS_ROOT}/Headers/Public/Yoga\"",
					"\"${PODS_ROOT}/Headers/Public/YogaKit\"",
					"\"${PODS_ROOT}/Headers/Public/fmt\"",
					"\"${PODS_ROOT}/Headers/Public/glog\"",
					"\"${PODS_ROOT}/Headers/Public/hermes-engine\"",
					"\"${PODS_ROOT}/Headers/Public/libevent\"",
					"\"${PODS_ROOT}/Headers/Public/react-native-mmkv\"",
					"\"${PODS_ROOT}/Headers/Public/react-native-splash-screen\"",
					"\"$(PODS_ROOT)/DoubleConversion\"",
					"\"$(PODS_ROOT)/boost\"",
					"\"$(PODS_ROOT)/Headers/Private/React-Core\"",
					"\"$(PODS_TARGET_SRCROOT)/include/\"",
				);
				INFOPLIST_FILE = Sollividu/Info.plist;
				INFOPLIST_KEY_CFBundleDisplayName = "சொல்லிவிடு";
				INFOPLIST_KEY_LSApplicationCategoryType = "public.app-category.word-games";
				LD_RUNPATH_SEARCH_PATHS = (
					"$(inherited)",
					"@executable_path/Frameworks",
				);
				OTHER_LDFLAGS = (
					"$(inherited)",
					"-ObjC",
					"-lc++",
				);
				PRODUCT_BUNDLE_IDENTIFIER = "org.reactjs.native.com.--PRODUCT-NAME-rfc1034identifier-";
				"PRODUCT_BUNDLE_IDENTIFIER[sdk=iphoneos*]" = org.reactjs.native.com.Sollividu;
				PRODUCT_NAME = Sollividu;
				PROVISIONING_PROFILE_SPECIFIER = "";
				SWIFT_VERSION = 5.0;
				VERSIONING_SYSTEM = "apple-generic";
			};
			name = Release;
		};
		83CBBA201A601CBA00E9B192 /* Debug */ = {
			isa = XCBuildConfiguration;
			buildSettings = {
				ALWAYS_SEARCH_USER_PATHS = NO;
				CLANG_ANALYZER_LOCALIZABILITY_NONLOCALIZED = YES;
				CLANG_CXX_LANGUAGE_STANDARD = "c++17";
				CLANG_CXX_LIBRARY = "libc++";
				CLANG_ENABLE_MODULES = YES;
				CLANG_ENABLE_OBJC_ARC = YES;
				CLANG_WARN_BLOCK_CAPTURE_AUTORELEASING = YES;
				CLANG_WARN_BOOL_CONVERSION = YES;
				CLANG_WARN_COMMA = YES;
				CLANG_WARN_CONSTANT_CONVERSION = YES;
				CLANG_WARN_DEPRECATED_OBJC_IMPLEMENTATIONS = YES;
				CLANG_WARN_DIRECT_OBJC_ISA_USAGE = YES_ERROR;
				CLANG_WARN_EMPTY_BODY = YES;
				CLANG_WARN_ENUM_CONVERSION = YES;
				CLANG_WARN_INFINITE_RECURSION = YES;
				CLANG_WARN_INT_CONVERSION = YES;
				CLANG_WARN_NON_LITERAL_NULL_CONVERSION = YES;
				CLANG_WARN_OBJC_IMPLICIT_RETAIN_SELF = YES;
				CLANG_WARN_OBJC_LITERAL_CONVERSION = YES;
				CLANG_WARN_OBJC_ROOT_CLASS = YES_ERROR;
				CLANG_WARN_QUOTED_INCLUDE_IN_FRAMEWORK_HEADER = YES;
				CLANG_WARN_RANGE_LOOP_ANALYSIS = YES;
				CLANG_WARN_STRICT_PROTOTYPES = YES;
				CLANG_WARN_SUSPICIOUS_MOVE = YES;
				CLANG_WARN_UNREACHABLE_CODE = YES;
				CLANG_WARN__DUPLICATE_METHOD_MATCH = YES;
				"CODE_SIGN_IDENTITY[sdk=iphoneos*]" = "iPhone Developer";
				COPY_PHASE_STRIP = NO;
				DEVELOPMENT_TEAM = 8R5585AXKH;
				ENABLE_STRICT_OBJC_MSGSEND = YES;
				ENABLE_TESTABILITY = YES;
				"EXCLUDED_ARCHS[sdk=iphonesimulator*]" = i386;
				GCC_C_LANGUAGE_STANDARD = gnu99;
				GCC_DYNAMIC_NO_PIC = NO;
				GCC_NO_COMMON_BLOCKS = YES;
				GCC_OPTIMIZATION_LEVEL = 0;
				GCC_PREPROCESSOR_DEFINITIONS = (
					"DEBUG=1",
					"$(inherited)",
				);
				GCC_SYMBOLS_PRIVATE_EXTERN = NO;
				GCC_WARN_64_TO_32_BIT_CONVERSION = YES;
				GCC_WARN_ABOUT_RETURN_TYPE = YES_ERROR;
				GCC_WARN_UNDECLARED_SELECTOR = YES;
				GCC_WARN_UNINITIALIZED_AUTOS = YES_AGGRESSIVE;
				GCC_WARN_UNUSED_FUNCTION = YES;
				GCC_WARN_UNUSED_VARIABLE = YES;
				IPHONEOS_DEPLOYMENT_TARGET = 12.4;
				LD_RUNPATH_SEARCH_PATHS = (
					/usr/lib/swift,
					"$(inherited)",
				);
				LIBRARY_SEARCH_PATHS = (
					"\"$(SDKROOT)/usr/lib/swift\"",
					"\"$(TOOLCHAIN_DIR)/usr/lib/swift/$(PLATFORM_NAME)\"",
					"\"$(inherited)\"",
				);
				MTL_ENABLE_DEBUG_INFO = YES;
				ONLY_ACTIVE_ARCH = YES;
				OTHER_CPLUSPLUSFLAGS = (
					"$(OTHER_CFLAGS)",
					"-DFOLLY_NO_CONFIG",
					"-DFOLLY_MOBILE=1",
					"-DFOLLY_USE_LIBCPP=1",
				);
				REACT_NATIVE_PATH = "${PODS_ROOT}/../../node_modules/react-native";
				SDKROOT = iphoneos;
			};
			name = Debug;
		};
		83CBBA211A601CBA00E9B192 /* Release */ = {
			isa = XCBuildConfiguration;
			buildSettings = {
				ALWAYS_SEARCH_USER_PATHS = NO;
				CLANG_ANALYZER_LOCALIZABILITY_NONLOCALIZED = YES;
				CLANG_CXX_LANGUAGE_STANDARD = "c++17";
				CLANG_CXX_LIBRARY = "libc++";
				CLANG_ENABLE_MODULES = YES;
				CLANG_ENABLE_OBJC_ARC = YES;
				CLANG_WARN_BLOCK_CAPTURE_AUTORELEASING = YES;
				CLANG_WARN_BOOL_CONVERSION = YES;
				CLANG_WARN_COMMA = YES;
				CLANG_WARN_CONSTANT_CONVERSION = YES;
				CLANG_WARN_DEPRECATED_OBJC_IMPLEMENTATIONS = YES;
				CLANG_WARN_DIRECT_OBJC_ISA_USAGE = YES_ERROR;
				CLANG_WARN_EMPTY_BODY = YES;
				CLANG_WARN_ENUM_CONVERSION = YES;
				CLANG_WARN_INFINITE_RECURSION = YES;
				CLANG_WARN_INT_CONVERSION = YES;
				CLANG_WARN_NON_LITERAL_NULL_CONVERSION = YES;
				CLANG_WARN_OBJC_IMPLICIT_RETAIN_SELF = YES;
				CLANG_WARN_OBJC_LITERAL_CONVERSION = YES;
				CLANG_WARN_OBJC_ROOT_CLASS = YES_ERROR;
				CLANG_WARN_QUOTED_INCLUDE_IN_FRAMEWORK_HEADER = YES;
				CLANG_WARN_RANGE_LOOP_ANALYSIS = YES;
				CLANG_WARN_STRICT_PROTOTYPES = YES;
				CLANG_WARN_SUSPICIOUS_MOVE = YES;
				CLANG_WARN_UNREACHABLE_CODE = YES;
				CLANG_WARN__DUPLICATE_METHOD_MATCH = YES;
				"CODE_SIGN_IDENTITY[sdk=iphoneos*]" = "iPhone Developer";
				COPY_PHASE_STRIP = YES;
				DEVELOPMENT_TEAM = 8R5585AXKH;
				ENABLE_NS_ASSERTIONS = NO;
				ENABLE_STRICT_OBJC_MSGSEND = YES;
				"EXCLUDED_ARCHS[sdk=iphonesimulator*]" = i386;
				GCC_C_LANGUAGE_STANDARD = gnu99;
				GCC_NO_COMMON_BLOCKS = YES;
				GCC_WARN_64_TO_32_BIT_CONVERSION = YES;
				GCC_WARN_ABOUT_RETURN_TYPE = YES_ERROR;
				GCC_WARN_UNDECLARED_SELECTOR = YES;
				GCC_WARN_UNINITIALIZED_AUTOS = YES_AGGRESSIVE;
				GCC_WARN_UNUSED_FUNCTION = YES;
				GCC_WARN_UNUSED_VARIABLE = YES;
				IPHONEOS_DEPLOYMENT_TARGET = 12.4;
				LD_RUNPATH_SEARCH_PATHS = (
					/usr/lib/swift,
					"$(inherited)",
				);
				LIBRARY_SEARCH_PATHS = (
					"\"$(SDKROOT)/usr/lib/swift\"",
					"\"$(TOOLCHAIN_DIR)/usr/lib/swift/$(PLATFORM_NAME)\"",
					"\"$(inherited)\"",
				);
				MTL_ENABLE_DEBUG_INFO = NO;
				OTHER_CPLUSPLUSFLAGS = (
					"$(OTHER_CFLAGS)",
					"-DFOLLY_NO_CONFIG",
					"-DFOLLY_MOBILE=1",
					"-DFOLLY_USE_LIBCPP=1",
				);
				REACT_NATIVE_PATH = "${PODS_ROOT}/../../node_modules/react-native";
				SDKROOT = iphoneos;
				VALIDATE_PRODUCT = YES;
			};
			name = Release;
		};
/* End XCBuildConfiguration section */

/* Begin XCConfigurationList section */
		00E357021AD99517003FC87E /* Build configuration list for PBXNativeTarget "SollividuTests" */ = {
			isa = XCConfigurationList;
			buildConfigurations = (
				00E356F61AD99517003FC87E /* Debug */,
				00E356F71AD99517003FC87E /* Release */,
			);
			defaultConfigurationIsVisible = 0;
			defaultConfigurationName = Release;
		};
		13B07F931A680F5B00A75B9A /* Build configuration list for PBXNativeTarget "Sollividu" */ = {
			isa = XCConfigurationList;
			buildConfigurations = (
				13B07F941A680F5B00A75B9A /* Debug */,
				13B07F951A680F5B00A75B9A /* Release */,
			);
			defaultConfigurationIsVisible = 0;
			defaultConfigurationName = Release;
		};
		83CBB9FA1A601CBA00E9B192 /* Build configuration list for PBXProject "Sollividu" */ = {
			isa = XCConfigurationList;
			buildConfigurations = (
				83CBBA201A601CBA00E9B192 /* Debug */,
				83CBBA211A601CBA00E9B192 /* Release */,
			);
			defaultConfigurationIsVisible = 0;
			defaultConfigurationName = Release;
		};
/* End XCConfigurationList section */
	};
	rootObject = 83CBB9F71A601CBA00E9B192 /* Project object */;
}
